
Microsoft Visual Studio Solution File, Format Version 12.00
# Visual Studio 2012
Project("{2150E333-8FDC-42A3-9474-1A3956D46DE8}") = "System.Data", "System.Data", "{7B9B5B54-E575-42B3-AE62-B8D3FCB538A8}"
EndProject
Project("{2150E333-8FDC-42A3-9474-1A3956D46DE8}") = "System.Transactions", "System.Transactions", "{CFDC6D13-EA54-4D62-A64E-21CD9737F269}"
EndProject
Project("{FAE04EC0-301F-11D3-BF4B-00C04F79EFBC}") = "System.Transactions", "System.Transactions\System.Transactions.csproj", "{E706726A-A6B2-42F1-8502-C0F3AC04B0D5}"
EndProject
Project("{2150E333-8FDC-42A3-9474-1A3956D46DE8}") = "Mono.Data.Sqlite.Tests", "Mono.Data.Sqlite.Tests", "{F2F9994B-1A38-4B23-A133-C98CA8D88FCA}"
EndProject
Project("{FAE04EC0-301F-11D3-BF4B-00C04F79EFBC}") = "Mono.Data.Sqlite.Tests.Store", "Mono.Data.Sqlite.Tests\Store\Mono.Data.Sqlite.Tests.Store.csproj", "{F8CBF723-174C-49DC-98ED-8947597621D4}"
EndProject
Project("{2150E333-8FDC-42A3-9474-1A3956D46DE8}") = "System.Data.Tests", "System.Data.Tests", "{80BBB2DE-7F69-4634-A251-84A7660EF9FE}"
EndProject
Project("{2150E333-8FDC-42A3-9474-1A3956D46DE8}") = "System.Transactions.Tests", "System.Transactions.Tests", "{3D52E8BF-8A0A-4D23-8738-A027D5A3BD9B}"
EndProject
Project("{2150E333-8FDC-42A3-9474-1A3956D46DE8}") = "Mono.Data.Sqlite", "Mono.Data.Sqlite", "{405ED5A8-1D7A-42AA-902D-1E5EC9DEA497}"
EndProject
Project("{FAE04EC0-301F-11D3-BF4B-00C04F79EFBC}") = "System.Transactions.Tests.Store", "System.Transactions.Tests\Store\System.Transactions.Tests.Store.csproj", "{CBCAC39A-6019-4B91-A8F8-8E3B6DD10F1E}"
EndProject
Project("{FAE04EC0-301F-11D3-BF4B-00C04F79EFBC}") = "System.Data.Tests.Store", "System.Data.Tests\Store\System.Data.Tests.Store.csproj", "{8E4EE518-0E2F-4033-8E5A-D38978AE314D}"
EndProject
Project("{FAE04EC0-301F-11D3-BF4B-00C04F79EFBC}") = "Mono.Data.Sqlite.Store", "Mono.Data.Sqlite\Store\Mono.Data.Sqlite.Store.csproj", "{E0644C82-1C4F-4C7D-80C3-69439D7A7799}"
EndProject
Project("{FAE04EC0-301F-11D3-BF4B-00C04F79EFBC}") = "Mono.Data.Sqlite.Silverlight", "Mono.Data.Sqlite\Silverlight\Mono.Data.Sqlite.Silverlight.csproj", "{A7F66BD5-AA1B-4AAD-BB90-540A7D43D6F2}"
EndProject
Project("{FAE04EC0-301F-11D3-BF4B-00C04F79EFBC}") = "System.Data.Store", "System.Data\Store\System.Data.Store.csproj", "{3D8BA561-FEA8-402F-9CA0-AB753B58ED1E}"
EndProject
Project("{FAE04EC0-301F-11D3-BF4B-00C04F79EFBC}") = "System.Data.Silverlight", "System.Data\Silverlight\System.Data.Silverlight.csproj", "{152D9FAB-D1FE-4175-9A58-542F2806932D}"
EndProject
Project("{FAE04EC0-301F-11D3-BF4B-00C04F79EFBC}") = "Mono.Data.Sqlite.Tests.Silverlight", "Mono.Data.Sqlite.Tests\Silverlight\Mono.Data.Sqlite.Tests.Silverlight.csproj", "{CF265917-ABCC-42B3-8C8C-FF890E55BC9F}"
EndProject
Project("{FAE04EC0-301F-11D3-BF4B-00C04F79EFBC}") = "System.Data.Tests.Silverlight", "System.Data.Tests\Silverlight\System.Data.Tests.Silverlight.csproj", "{A0966DE3-E5AE-440B-9DD8-3E55C72DA342}"
EndProject
Project("{FAE04EC0-301F-11D3-BF4B-00C04F79EFBC}") = "System.Transactions.Tests.Silverlight", "System.Transactions.Tests\Silverlight\System.Transactions.Tests.Silverlight.csproj", "{DF480FA8-3EB6-4CEB-A582-A3E1FF0B9BE1}"
EndProject
Project("{FAE04EC0-301F-11D3-BF4B-00C04F79EFBC}") = "System.Transactions.Tests.WindowsPhone", "System.Transactions.Tests\WindowsPhone\System.Transactions.Tests.WindowsPhone.csproj", "{62646F94-014C-4609-B155-F23E35E98F7D}"
EndProject
Project("{FAE04EC0-301F-11D3-BF4B-00C04F79EFBC}") = "System.Data.Tests.WindowsPhone", "System.Data.Tests\WindowsPhone\System.Data.Tests.WindowsPhone.csproj", "{32A52E75-CE11-472A-BDBD-3BA3CADD7E90}"
EndProject
Project("{FAE04EC0-301F-11D3-BF4B-00C04F79EFBC}") = "Mono.Data.Sqlite.WindowsPhone", "Mono.Data.Sqlite\WindowsPhone\Mono.Data.Sqlite.WindowsPhone\Mono.Data.Sqlite.WindowsPhone.csproj", "{A4AEB66C-BADB-4581-BC0F-C2408C225256}"
EndProject
Project("{FAE04EC0-301F-11D3-BF4B-00C04F79EFBC}") = "Mono.Data.Sqlite.Tests.WindowsPhone", "Mono.Data.Sqlite.Tests\WindowsPhone\Mono.Data.Sqlite.Tests.WindowsPhone.csproj", "{8CBF52ED-0DDD-4D94-ABA7-A2C83E8B27DA}"
EndProject
Project("{FAE04EC0-301F-11D3-BF4B-00C04F79EFBC}") = "System.Transactions.Tests.WindowsPhone8", "System.Transactions.Tests\WindowsPhone8\System.Transactions.Tests.WindowsPhone8.csproj", "{C609BB67-2647-4C52-A4ED-3625771ECE57}"
EndProject
Project("{FAE04EC0-301F-11D3-BF4B-00C04F79EFBC}") = "System.Data.Tests.WindowsPhone8", "System.Data.Tests\System.Data.Tests.WindowsPhone8\System.Data.Tests.WindowsPhone8.csproj", "{18F890BB-BD2E-4B7C-B152-E540066583A4}"
EndProject
Project("{FAE04EC0-301F-11D3-BF4B-00C04F79EFBC}") = "Mono.Data.Sqlite.Tests.WindowsPhone8", "Mono.Data.Sqlite.Tests\Mono.Data.Sqlite.Tests.WindowsPhone8\Mono.Data.Sqlite.Tests.WindowsPhone8.csproj", "{912DD90C-140E-4E30-8BF2-68E2930498EA}"
EndProject
Project("{FAE04EC0-301F-11D3-BF4B-00C04F79EFBC}") = "Mono.Data.Sqlite.WindowsPhone8", "Mono.Data.Sqlite\WindowsPhone8\Mono.Data.Sqlite.WindowsPhone8.csproj", "{056276DD-823C-4249-901C-378D47CEE599}"
EndProject
Project("{FAE04EC0-301F-11D3-BF4B-00C04F79EFBC}") = "System.Data.WindowsPhone8", "System.Data\System.Data.WindowsPhone8\System.Data.WindowsPhone8.csproj", "{3ABDF182-B92E-4192-8F53-785668689CE2}"
EndProject
Project("{2150E333-8FDC-42A3-9474-1A3956D46DE8}") = "Helpers", "Helpers", "{0E57A18A-3E24-417B-9E22-1F7DAB9B2496}"
EndProject
Project("{8BC9CEB8-8B4A-11D0-8D11-00A0C91BC942}") = "MonoDataSqliteWrapper", "Helpers\Mono.Data.Sqlite.Wrapper\Mono.Data.Sqlite.Wrapper.vcxproj", "{30A5E000-7B99-4F74-83E6-1DDF42753A4F}"
EndProject
Project("{FAE04EC0-301F-11D3-BF4B-00C04F79EFBC}") = "MonoDataSqliteWrapper.WindowsPhone", "Helpers\MonoDataSqliteWrapper.Silverlight\MonoDataSqliteWrapper.WindowsPhone.csproj", "{6D26183C-C191-415C-948D-DF4D1F7C5019}"
EndProject
Global
	GlobalSection(SolutionConfigurationPlatforms) = preSolution
		Debug|Any CPU = Debug|Any CPU
		Debug|ARM = Debug|ARM
		Debug|Mixed Platforms = Debug|Mixed Platforms
		Debug|Win32 = Debug|Win32
		Debug|x64 = Debug|x64
		Debug|x86 = Debug|x86
		Release|Any CPU = Release|Any CPU
		Release|ARM = Release|ARM
		Release|Mixed Platforms = Release|Mixed Platforms
		Release|Win32 = Release|Win32
		Release|x64 = Release|x64
		Release|x86 = Release|x86
	EndGlobalSection
	GlobalSection(ProjectConfigurationPlatforms) = postSolution
		{E706726A-A6B2-42F1-8502-C0F3AC04B0D5}.Debug|Any CPU.ActiveCfg = Debug|Any CPU
		{E706726A-A6B2-42F1-8502-C0F3AC04B0D5}.Debug|Any CPU.Build.0 = Debug|Any CPU
		{E706726A-A6B2-42F1-8502-C0F3AC04B0D5}.Debug|ARM.ActiveCfg = Debug|Any CPU
		{E706726A-A6B2-42F1-8502-C0F3AC04B0D5}.Debug|Mixed Platforms.ActiveCfg = Debug|Any CPU
		{E706726A-A6B2-42F1-8502-C0F3AC04B0D5}.Debug|Mixed Platforms.Build.0 = Debug|Any CPU
		{E706726A-A6B2-42F1-8502-C0F3AC04B0D5}.Debug|Win32.ActiveCfg = Debug|Any CPU
		{E706726A-A6B2-42F1-8502-C0F3AC04B0D5}.Debug|x64.ActiveCfg = Debug|Any CPU
		{E706726A-A6B2-42F1-8502-C0F3AC04B0D5}.Debug|x86.ActiveCfg = Debug|Any CPU
		{E706726A-A6B2-42F1-8502-C0F3AC04B0D5}.Release|Any CPU.ActiveCfg = Release|Any CPU
		{E706726A-A6B2-42F1-8502-C0F3AC04B0D5}.Release|Any CPU.Build.0 = Release|Any CPU
		{E706726A-A6B2-42F1-8502-C0F3AC04B0D5}.Release|ARM.ActiveCfg = Release|Any CPU
		{E706726A-A6B2-42F1-8502-C0F3AC04B0D5}.Release|Mixed Platforms.ActiveCfg = Release|Any CPU
		{E706726A-A6B2-42F1-8502-C0F3AC04B0D5}.Release|Mixed Platforms.Build.0 = Release|Any CPU
		{E706726A-A6B2-42F1-8502-C0F3AC04B0D5}.Release|Win32.ActiveCfg = Release|Any CPU
		{E706726A-A6B2-42F1-8502-C0F3AC04B0D5}.Release|x64.ActiveCfg = Release|Any CPU
		{E706726A-A6B2-42F1-8502-C0F3AC04B0D5}.Release|x86.ActiveCfg = Release|Any CPU
		{F8CBF723-174C-49DC-98ED-8947597621D4}.Debug|Any CPU.ActiveCfg = Debug|Any CPU
		{F8CBF723-174C-49DC-98ED-8947597621D4}.Debug|Any CPU.Build.0 = Debug|Any CPU
		{F8CBF723-174C-49DC-98ED-8947597621D4}.Debug|Any CPU.Deploy.0 = Debug|Any CPU
		{F8CBF723-174C-49DC-98ED-8947597621D4}.Debug|ARM.ActiveCfg = Debug|ARM
		{F8CBF723-174C-49DC-98ED-8947597621D4}.Debug|ARM.Build.0 = Debug|ARM
		{F8CBF723-174C-49DC-98ED-8947597621D4}.Debug|ARM.Deploy.0 = Debug|ARM
		{F8CBF723-174C-49DC-98ED-8947597621D4}.Debug|Mixed Platforms.ActiveCfg = Debug|x86
		{F8CBF723-174C-49DC-98ED-8947597621D4}.Debug|Mixed Platforms.Build.0 = Debug|x86
		{F8CBF723-174C-49DC-98ED-8947597621D4}.Debug|Mixed Platforms.Deploy.0 = Debug|x86
		{F8CBF723-174C-49DC-98ED-8947597621D4}.Debug|Win32.ActiveCfg = Debug|x86
		{F8CBF723-174C-49DC-98ED-8947597621D4}.Debug|Win32.Build.0 = Debug|x86
		{F8CBF723-174C-49DC-98ED-8947597621D4}.Debug|Win32.Deploy.0 = Debug|x86
		{F8CBF723-174C-49DC-98ED-8947597621D4}.Debug|x64.ActiveCfg = Debug|x64
		{F8CBF723-174C-49DC-98ED-8947597621D4}.Debug|x64.Build.0 = Debug|x64
		{F8CBF723-174C-49DC-98ED-8947597621D4}.Debug|x64.Deploy.0 = Debug|x64
		{F8CBF723-174C-49DC-98ED-8947597621D4}.Debug|x86.ActiveCfg = Debug|x86
		{F8CBF723-174C-49DC-98ED-8947597621D4}.Debug|x86.Build.0 = Debug|x86
		{F8CBF723-174C-49DC-98ED-8947597621D4}.Debug|x86.Deploy.0 = Debug|x86
		{F8CBF723-174C-49DC-98ED-8947597621D4}.Release|Any CPU.ActiveCfg = Release|Any CPU
		{F8CBF723-174C-49DC-98ED-8947597621D4}.Release|Any CPU.Build.0 = Release|Any CPU
		{F8CBF723-174C-49DC-98ED-8947597621D4}.Release|Any CPU.Deploy.0 = Release|Any CPU
		{F8CBF723-174C-49DC-98ED-8947597621D4}.Release|ARM.ActiveCfg = Release|ARM
		{F8CBF723-174C-49DC-98ED-8947597621D4}.Release|ARM.Build.0 = Release|ARM
		{F8CBF723-174C-49DC-98ED-8947597621D4}.Release|ARM.Deploy.0 = Release|ARM
		{F8CBF723-174C-49DC-98ED-8947597621D4}.Release|Mixed Platforms.ActiveCfg = Release|x86
		{F8CBF723-174C-49DC-98ED-8947597621D4}.Release|Mixed Platforms.Build.0 = Release|x86
		{F8CBF723-174C-49DC-98ED-8947597621D4}.Release|Mixed Platforms.Deploy.0 = Release|x86
		{F8CBF723-174C-49DC-98ED-8947597621D4}.Release|Win32.ActiveCfg = Release|x86
		{F8CBF723-174C-49DC-98ED-8947597621D4}.Release|Win32.Build.0 = Release|x86
		{F8CBF723-174C-49DC-98ED-8947597621D4}.Release|Win32.Deploy.0 = Release|x86
		{F8CBF723-174C-49DC-98ED-8947597621D4}.Release|x64.ActiveCfg = Release|x64
		{F8CBF723-174C-49DC-98ED-8947597621D4}.Release|x64.Build.0 = Release|x64
		{F8CBF723-174C-49DC-98ED-8947597621D4}.Release|x64.Deploy.0 = Release|x64
		{F8CBF723-174C-49DC-98ED-8947597621D4}.Release|x86.ActiveCfg = Release|x86
		{F8CBF723-174C-49DC-98ED-8947597621D4}.Release|x86.Build.0 = Release|x86
		{F8CBF723-174C-49DC-98ED-8947597621D4}.Release|x86.Deploy.0 = Release|x86
		{CBCAC39A-6019-4B91-A8F8-8E3B6DD10F1E}.Debug|Any CPU.ActiveCfg = Debug|Any CPU
		{CBCAC39A-6019-4B91-A8F8-8E3B6DD10F1E}.Debug|Any CPU.Build.0 = Debug|Any CPU
		{CBCAC39A-6019-4B91-A8F8-8E3B6DD10F1E}.Debug|Any CPU.Deploy.0 = Debug|Any CPU
		{CBCAC39A-6019-4B91-A8F8-8E3B6DD10F1E}.Debug|ARM.ActiveCfg = Debug|ARM
		{CBCAC39A-6019-4B91-A8F8-8E3B6DD10F1E}.Debug|ARM.Build.0 = Debug|ARM
		{CBCAC39A-6019-4B91-A8F8-8E3B6DD10F1E}.Debug|ARM.Deploy.0 = Debug|ARM
		{CBCAC39A-6019-4B91-A8F8-8E3B6DD10F1E}.Debug|Mixed Platforms.ActiveCfg = Debug|x86
		{CBCAC39A-6019-4B91-A8F8-8E3B6DD10F1E}.Debug|Mixed Platforms.Build.0 = Debug|x86
		{CBCAC39A-6019-4B91-A8F8-8E3B6DD10F1E}.Debug|Mixed Platforms.Deploy.0 = Debug|x86
		{CBCAC39A-6019-4B91-A8F8-8E3B6DD10F1E}.Debug|Win32.ActiveCfg = Debug|x86
		{CBCAC39A-6019-4B91-A8F8-8E3B6DD10F1E}.Debug|Win32.Build.0 = Debug|x86
		{CBCAC39A-6019-4B91-A8F8-8E3B6DD10F1E}.Debug|Win32.Deploy.0 = Debug|x86
		{CBCAC39A-6019-4B91-A8F8-8E3B6DD10F1E}.Debug|x64.ActiveCfg = Debug|x64
		{CBCAC39A-6019-4B91-A8F8-8E3B6DD10F1E}.Debug|x64.Build.0 = Debug|x64
		{CBCAC39A-6019-4B91-A8F8-8E3B6DD10F1E}.Debug|x64.Deploy.0 = Debug|x64
		{CBCAC39A-6019-4B91-A8F8-8E3B6DD10F1E}.Debug|x86.ActiveCfg = Debug|x86
		{CBCAC39A-6019-4B91-A8F8-8E3B6DD10F1E}.Debug|x86.Build.0 = Debug|x86
		{CBCAC39A-6019-4B91-A8F8-8E3B6DD10F1E}.Debug|x86.Deploy.0 = Debug|x86
		{CBCAC39A-6019-4B91-A8F8-8E3B6DD10F1E}.Release|Any CPU.ActiveCfg = Release|Any CPU
		{CBCAC39A-6019-4B91-A8F8-8E3B6DD10F1E}.Release|Any CPU.Build.0 = Release|Any CPU
		{CBCAC39A-6019-4B91-A8F8-8E3B6DD10F1E}.Release|Any CPU.Deploy.0 = Release|Any CPU
		{CBCAC39A-6019-4B91-A8F8-8E3B6DD10F1E}.Release|ARM.ActiveCfg = Release|ARM
		{CBCAC39A-6019-4B91-A8F8-8E3B6DD10F1E}.Release|ARM.Build.0 = Release|ARM
		{CBCAC39A-6019-4B91-A8F8-8E3B6DD10F1E}.Release|ARM.Deploy.0 = Release|ARM
		{CBCAC39A-6019-4B91-A8F8-8E3B6DD10F1E}.Release|Mixed Platforms.ActiveCfg = Release|x86
		{CBCAC39A-6019-4B91-A8F8-8E3B6DD10F1E}.Release|Mixed Platforms.Build.0 = Release|x86
		{CBCAC39A-6019-4B91-A8F8-8E3B6DD10F1E}.Release|Mixed Platforms.Deploy.0 = Release|x86
		{CBCAC39A-6019-4B91-A8F8-8E3B6DD10F1E}.Release|Win32.ActiveCfg = Release|x86
		{CBCAC39A-6019-4B91-A8F8-8E3B6DD10F1E}.Release|Win32.Build.0 = Release|x86
		{CBCAC39A-6019-4B91-A8F8-8E3B6DD10F1E}.Release|Win32.Deploy.0 = Release|x86
		{CBCAC39A-6019-4B91-A8F8-8E3B6DD10F1E}.Release|x64.ActiveCfg = Release|x64
		{CBCAC39A-6019-4B91-A8F8-8E3B6DD10F1E}.Release|x64.Build.0 = Release|x64
		{CBCAC39A-6019-4B91-A8F8-8E3B6DD10F1E}.Release|x64.Deploy.0 = Release|x64
		{CBCAC39A-6019-4B91-A8F8-8E3B6DD10F1E}.Release|x86.ActiveCfg = Release|x86
		{CBCAC39A-6019-4B91-A8F8-8E3B6DD10F1E}.Release|x86.Build.0 = Release|x86
		{CBCAC39A-6019-4B91-A8F8-8E3B6DD10F1E}.Release|x86.Deploy.0 = Release|x86
		{8E4EE518-0E2F-4033-8E5A-D38978AE314D}.Debug|Any CPU.ActiveCfg = Debug|Any CPU
		{8E4EE518-0E2F-4033-8E5A-D38978AE314D}.Debug|Any CPU.Build.0 = Debug|Any CPU
		{8E4EE518-0E2F-4033-8E5A-D38978AE314D}.Debug|Any CPU.Deploy.0 = Debug|Any CPU
		{8E4EE518-0E2F-4033-8E5A-D38978AE314D}.Debug|ARM.ActiveCfg = Debug|ARM
		{8E4EE518-0E2F-4033-8E5A-D38978AE314D}.Debug|ARM.Build.0 = Debug|ARM
		{8E4EE518-0E2F-4033-8E5A-D38978AE314D}.Debug|ARM.Deploy.0 = Debug|ARM
		{8E4EE518-0E2F-4033-8E5A-D38978AE314D}.Debug|Mixed Platforms.ActiveCfg = Debug|x86
		{8E4EE518-0E2F-4033-8E5A-D38978AE314D}.Debug|Mixed Platforms.Build.0 = Debug|x86
		{8E4EE518-0E2F-4033-8E5A-D38978AE314D}.Debug|Mixed Platforms.Deploy.0 = Debug|x86
		{8E4EE518-0E2F-4033-8E5A-D38978AE314D}.Debug|Win32.ActiveCfg = Debug|x86
		{8E4EE518-0E2F-4033-8E5A-D38978AE314D}.Debug|Win32.Build.0 = Debug|x86
		{8E4EE518-0E2F-4033-8E5A-D38978AE314D}.Debug|Win32.Deploy.0 = Debug|x86
		{8E4EE518-0E2F-4033-8E5A-D38978AE314D}.Debug|x64.ActiveCfg = Debug|x64
		{8E4EE518-0E2F-4033-8E5A-D38978AE314D}.Debug|x64.Build.0 = Debug|x64
		{8E4EE518-0E2F-4033-8E5A-D38978AE314D}.Debug|x64.Deploy.0 = Debug|x64
		{8E4EE518-0E2F-4033-8E5A-D38978AE314D}.Debug|x86.ActiveCfg = Debug|x86
		{8E4EE518-0E2F-4033-8E5A-D38978AE314D}.Debug|x86.Build.0 = Debug|x86
		{8E4EE518-0E2F-4033-8E5A-D38978AE314D}.Debug|x86.Deploy.0 = Debug|x86
		{8E4EE518-0E2F-4033-8E5A-D38978AE314D}.Release|Any CPU.ActiveCfg = Release|Any CPU
		{8E4EE518-0E2F-4033-8E5A-D38978AE314D}.Release|Any CPU.Build.0 = Release|Any CPU
		{8E4EE518-0E2F-4033-8E5A-D38978AE314D}.Release|Any CPU.Deploy.0 = Release|Any CPU
		{8E4EE518-0E2F-4033-8E5A-D38978AE314D}.Release|ARM.ActiveCfg = Release|ARM
		{8E4EE518-0E2F-4033-8E5A-D38978AE314D}.Release|ARM.Build.0 = Release|ARM
		{8E4EE518-0E2F-4033-8E5A-D38978AE314D}.Release|ARM.Deploy.0 = Release|ARM
		{8E4EE518-0E2F-4033-8E5A-D38978AE314D}.Release|Mixed Platforms.ActiveCfg = Release|x86
		{8E4EE518-0E2F-4033-8E5A-D38978AE314D}.Release|Mixed Platforms.Build.0 = Release|x86
		{8E4EE518-0E2F-4033-8E5A-D38978AE314D}.Release|Mixed Platforms.Deploy.0 = Release|x86
		{8E4EE518-0E2F-4033-8E5A-D38978AE314D}.Release|Win32.ActiveCfg = Release|x86
		{8E4EE518-0E2F-4033-8E5A-D38978AE314D}.Release|Win32.Build.0 = Release|x86
		{8E4EE518-0E2F-4033-8E5A-D38978AE314D}.Release|Win32.Deploy.0 = Release|x86
		{8E4EE518-0E2F-4033-8E5A-D38978AE314D}.Release|x64.ActiveCfg = Release|x64
		{8E4EE518-0E2F-4033-8E5A-D38978AE314D}.Release|x64.Build.0 = Release|x64
		{8E4EE518-0E2F-4033-8E5A-D38978AE314D}.Release|x64.Deploy.0 = Release|x64
		{8E4EE518-0E2F-4033-8E5A-D38978AE314D}.Release|x86.ActiveCfg = Release|x86
		{8E4EE518-0E2F-4033-8E5A-D38978AE314D}.Release|x86.Build.0 = Release|x86
		{8E4EE518-0E2F-4033-8E5A-D38978AE314D}.Release|x86.Deploy.0 = Release|x86
		{E0644C82-1C4F-4C7D-80C3-69439D7A7799}.Debug|Any CPU.ActiveCfg = Debug|Any CPU
		{E0644C82-1C4F-4C7D-80C3-69439D7A7799}.Debug|Any CPU.Build.0 = Debug|Any CPU
		{E0644C82-1C4F-4C7D-80C3-69439D7A7799}.Debug|ARM.ActiveCfg = Debug|Any CPU
		{E0644C82-1C4F-4C7D-80C3-69439D7A7799}.Debug|Mixed Platforms.ActiveCfg = Debug|Any CPU
		{E0644C82-1C4F-4C7D-80C3-69439D7A7799}.Debug|Mixed Platforms.Build.0 = Debug|Any CPU
		{E0644C82-1C4F-4C7D-80C3-69439D7A7799}.Debug|Win32.ActiveCfg = Debug|Any CPU
		{E0644C82-1C4F-4C7D-80C3-69439D7A7799}.Debug|x64.ActiveCfg = Debug|Any CPU
		{E0644C82-1C4F-4C7D-80C3-69439D7A7799}.Debug|x86.ActiveCfg = Debug|Any CPU
		{E0644C82-1C4F-4C7D-80C3-69439D7A7799}.Release|Any CPU.ActiveCfg = Release|Any CPU
		{E0644C82-1C4F-4C7D-80C3-69439D7A7799}.Release|Any CPU.Build.0 = Release|Any CPU
		{E0644C82-1C4F-4C7D-80C3-69439D7A7799}.Release|ARM.ActiveCfg = Release|Any CPU
		{E0644C82-1C4F-4C7D-80C3-69439D7A7799}.Release|Mixed Platforms.ActiveCfg = Release|Any CPU
		{E0644C82-1C4F-4C7D-80C3-69439D7A7799}.Release|Mixed Platforms.Build.0 = Release|Any CPU
		{E0644C82-1C4F-4C7D-80C3-69439D7A7799}.Release|Win32.ActiveCfg = Release|Any CPU
		{E0644C82-1C4F-4C7D-80C3-69439D7A7799}.Release|x64.ActiveCfg = Release|Any CPU
		{E0644C82-1C4F-4C7D-80C3-69439D7A7799}.Release|x86.ActiveCfg = Release|Any CPU
		{A7F66BD5-AA1B-4AAD-BB90-540A7D43D6F2}.Debug|Any CPU.ActiveCfg = Debug|Any CPU
		{A7F66BD5-AA1B-4AAD-BB90-540A7D43D6F2}.Debug|Any CPU.Build.0 = Debug|Any CPU
		{A7F66BD5-AA1B-4AAD-BB90-540A7D43D6F2}.Debug|ARM.ActiveCfg = Debug|Any CPU
		{A7F66BD5-AA1B-4AAD-BB90-540A7D43D6F2}.Debug|Mixed Platforms.ActiveCfg = Debug|Any CPU
		{A7F66BD5-AA1B-4AAD-BB90-540A7D43D6F2}.Debug|Mixed Platforms.Build.0 = Debug|Any CPU
		{A7F66BD5-AA1B-4AAD-BB90-540A7D43D6F2}.Debug|Win32.ActiveCfg = Debug|Any CPU
		{A7F66BD5-AA1B-4AAD-BB90-540A7D43D6F2}.Debug|x64.ActiveCfg = Debug|Any CPU
		{A7F66BD5-AA1B-4AAD-BB90-540A7D43D6F2}.Debug|x86.ActiveCfg = Debug|Any CPU
		{A7F66BD5-AA1B-4AAD-BB90-540A7D43D6F2}.Release|Any CPU.ActiveCfg = Release|Any CPU
		{A7F66BD5-AA1B-4AAD-BB90-540A7D43D6F2}.Release|Any CPU.Build.0 = Release|Any CPU
		{A7F66BD5-AA1B-4AAD-BB90-540A7D43D6F2}.Release|ARM.ActiveCfg = Release|Any CPU
		{A7F66BD5-AA1B-4AAD-BB90-540A7D43D6F2}.Release|Mixed Platforms.ActiveCfg = Release|Any CPU
		{A7F66BD5-AA1B-4AAD-BB90-540A7D43D6F2}.Release|Mixed Platforms.Build.0 = Release|Any CPU
		{A7F66BD5-AA1B-4AAD-BB90-540A7D43D6F2}.Release|Win32.ActiveCfg = Release|Any CPU
		{A7F66BD5-AA1B-4AAD-BB90-540A7D43D6F2}.Release|x64.ActiveCfg = Release|Any CPU
		{A7F66BD5-AA1B-4AAD-BB90-540A7D43D6F2}.Release|x86.ActiveCfg = Release|Any CPU
		{3D8BA561-FEA8-402F-9CA0-AB753B58ED1E}.Debug|Any CPU.ActiveCfg = Debug|Any CPU
		{3D8BA561-FEA8-402F-9CA0-AB753B58ED1E}.Debug|Any CPU.Build.0 = Debug|Any CPU
		{3D8BA561-FEA8-402F-9CA0-AB753B58ED1E}.Debug|ARM.ActiveCfg = Debug|Any CPU
		{3D8BA561-FEA8-402F-9CA0-AB753B58ED1E}.Debug|Mixed Platforms.ActiveCfg = Debug|Any CPU
		{3D8BA561-FEA8-402F-9CA0-AB753B58ED1E}.Debug|Mixed Platforms.Build.0 = Debug|Any CPU
		{3D8BA561-FEA8-402F-9CA0-AB753B58ED1E}.Debug|Win32.ActiveCfg = Debug|Any CPU
		{3D8BA561-FEA8-402F-9CA0-AB753B58ED1E}.Debug|x64.ActiveCfg = Debug|Any CPU
		{3D8BA561-FEA8-402F-9CA0-AB753B58ED1E}.Debug|x86.ActiveCfg = Debug|Any CPU
		{3D8BA561-FEA8-402F-9CA0-AB753B58ED1E}.Release|Any CPU.ActiveCfg = Release|Any CPU
		{3D8BA561-FEA8-402F-9CA0-AB753B58ED1E}.Release|Any CPU.Build.0 = Release|Any CPU
		{3D8BA561-FEA8-402F-9CA0-AB753B58ED1E}.Release|ARM.ActiveCfg = Release|Any CPU
		{3D8BA561-FEA8-402F-9CA0-AB753B58ED1E}.Release|Mixed Platforms.ActiveCfg = Release|Any CPU
		{3D8BA561-FEA8-402F-9CA0-AB753B58ED1E}.Release|Mixed Platforms.Build.0 = Release|Any CPU
		{3D8BA561-FEA8-402F-9CA0-AB753B58ED1E}.Release|Win32.ActiveCfg = Release|Any CPU
		{3D8BA561-FEA8-402F-9CA0-AB753B58ED1E}.Release|x64.ActiveCfg = Release|Any CPU
		{3D8BA561-FEA8-402F-9CA0-AB753B58ED1E}.Release|x86.ActiveCfg = Release|Any CPU
		{152D9FAB-D1FE-4175-9A58-542F2806932D}.Debug|Any CPU.ActiveCfg = Debug|Any CPU
		{152D9FAB-D1FE-4175-9A58-542F2806932D}.Debug|Any CPU.Build.0 = Debug|Any CPU
		{152D9FAB-D1FE-4175-9A58-542F2806932D}.Debug|ARM.ActiveCfg = Debug|Any CPU
		{152D9FAB-D1FE-4175-9A58-542F2806932D}.Debug|Mixed Platforms.ActiveCfg = Debug|Any CPU
		{152D9FAB-D1FE-4175-9A58-542F2806932D}.Debug|Mixed Platforms.Build.0 = Debug|Any CPU
		{152D9FAB-D1FE-4175-9A58-542F2806932D}.Debug|Win32.ActiveCfg = Debug|Any CPU
		{152D9FAB-D1FE-4175-9A58-542F2806932D}.Debug|x64.ActiveCfg = Debug|Any CPU
		{152D9FAB-D1FE-4175-9A58-542F2806932D}.Debug|x86.ActiveCfg = Debug|Any CPU
		{152D9FAB-D1FE-4175-9A58-542F2806932D}.Release|Any CPU.ActiveCfg = Release|Any CPU
		{152D9FAB-D1FE-4175-9A58-542F2806932D}.Release|Any CPU.Build.0 = Release|Any CPU
		{152D9FAB-D1FE-4175-9A58-542F2806932D}.Release|ARM.ActiveCfg = Release|Any CPU
		{152D9FAB-D1FE-4175-9A58-542F2806932D}.Release|Mixed Platforms.ActiveCfg = Release|Any CPU
		{152D9FAB-D1FE-4175-9A58-542F2806932D}.Release|Mixed Platforms.Build.0 = Release|Any CPU
		{152D9FAB-D1FE-4175-9A58-542F2806932D}.Release|Win32.ActiveCfg = Release|Any CPU
		{152D9FAB-D1FE-4175-9A58-542F2806932D}.Release|x64.ActiveCfg = Release|Any CPU
		{152D9FAB-D1FE-4175-9A58-542F2806932D}.Release|x86.ActiveCfg = Release|Any CPU
		{CF265917-ABCC-42B3-8C8C-FF890E55BC9F}.Debug|Any CPU.ActiveCfg = Debug|Any CPU
		{CF265917-ABCC-42B3-8C8C-FF890E55BC9F}.Debug|Any CPU.Build.0 = Debug|Any CPU
		{CF265917-ABCC-42B3-8C8C-FF890E55BC9F}.Debug|ARM.ActiveCfg = Debug|Any CPU
		{CF265917-ABCC-42B3-8C8C-FF890E55BC9F}.Debug|Mixed Platforms.ActiveCfg = Debug|Any CPU
		{CF265917-ABCC-42B3-8C8C-FF890E55BC9F}.Debug|Mixed Platforms.Build.0 = Debug|Any CPU
		{CF265917-ABCC-42B3-8C8C-FF890E55BC9F}.Debug|Win32.ActiveCfg = Debug|Any CPU
		{CF265917-ABCC-42B3-8C8C-FF890E55BC9F}.Debug|x64.ActiveCfg = Debug|Any CPU
		{CF265917-ABCC-42B3-8C8C-FF890E55BC9F}.Debug|x86.ActiveCfg = Debug|Any CPU
		{CF265917-ABCC-42B3-8C8C-FF890E55BC9F}.Release|Any CPU.ActiveCfg = Release|Any CPU
		{CF265917-ABCC-42B3-8C8C-FF890E55BC9F}.Release|Any CPU.Build.0 = Release|Any CPU
		{CF265917-ABCC-42B3-8C8C-FF890E55BC9F}.Release|ARM.ActiveCfg = Release|Any CPU
		{CF265917-ABCC-42B3-8C8C-FF890E55BC9F}.Release|Mixed Platforms.ActiveCfg = Release|Any CPU
		{CF265917-ABCC-42B3-8C8C-FF890E55BC9F}.Release|Mixed Platforms.Build.0 = Release|Any CPU
		{CF265917-ABCC-42B3-8C8C-FF890E55BC9F}.Release|Win32.ActiveCfg = Release|Any CPU
		{CF265917-ABCC-42B3-8C8C-FF890E55BC9F}.Release|x64.ActiveCfg = Release|Any CPU
		{CF265917-ABCC-42B3-8C8C-FF890E55BC9F}.Release|x86.ActiveCfg = Release|Any CPU
		{A0966DE3-E5AE-440B-9DD8-3E55C72DA342}.Debug|Any CPU.ActiveCfg = Debug|Any CPU
		{A0966DE3-E5AE-440B-9DD8-3E55C72DA342}.Debug|Any CPU.Build.0 = Debug|Any CPU
		{A0966DE3-E5AE-440B-9DD8-3E55C72DA342}.Debug|ARM.ActiveCfg = Debug|Any CPU
		{A0966DE3-E5AE-440B-9DD8-3E55C72DA342}.Debug|Mixed Platforms.ActiveCfg = Debug|Any CPU
		{A0966DE3-E5AE-440B-9DD8-3E55C72DA342}.Debug|Mixed Platforms.Build.0 = Debug|Any CPU
		{A0966DE3-E5AE-440B-9DD8-3E55C72DA342}.Debug|Win32.ActiveCfg = Debug|Any CPU
		{A0966DE3-E5AE-440B-9DD8-3E55C72DA342}.Debug|x64.ActiveCfg = Debug|Any CPU
		{A0966DE3-E5AE-440B-9DD8-3E55C72DA342}.Debug|x86.ActiveCfg = Debug|Any CPU
		{A0966DE3-E5AE-440B-9DD8-3E55C72DA342}.Release|Any CPU.ActiveCfg = Release|Any CPU
		{A0966DE3-E5AE-440B-9DD8-3E55C72DA342}.Release|Any CPU.Build.0 = Release|Any CPU
		{A0966DE3-E5AE-440B-9DD8-3E55C72DA342}.Release|ARM.ActiveCfg = Release|Any CPU
		{A0966DE3-E5AE-440B-9DD8-3E55C72DA342}.Release|Mixed Platforms.ActiveCfg = Release|Any CPU
		{A0966DE3-E5AE-440B-9DD8-3E55C72DA342}.Release|Mixed Platforms.Build.0 = Release|Any CPU
		{A0966DE3-E5AE-440B-9DD8-3E55C72DA342}.Release|Win32.ActiveCfg = Release|Any CPU
		{A0966DE3-E5AE-440B-9DD8-3E55C72DA342}.Release|x64.ActiveCfg = Release|Any CPU
		{A0966DE3-E5AE-440B-9DD8-3E55C72DA342}.Release|x86.ActiveCfg = Release|Any CPU
		{DF480FA8-3EB6-4CEB-A582-A3E1FF0B9BE1}.Debug|Any CPU.ActiveCfg = Debug|Any CPU
		{DF480FA8-3EB6-4CEB-A582-A3E1FF0B9BE1}.Debug|Any CPU.Build.0 = Debug|Any CPU
		{DF480FA8-3EB6-4CEB-A582-A3E1FF0B9BE1}.Debug|ARM.ActiveCfg = Debug|Any CPU
		{DF480FA8-3EB6-4CEB-A582-A3E1FF0B9BE1}.Debug|Mixed Platforms.ActiveCfg = Debug|Any CPU
		{DF480FA8-3EB6-4CEB-A582-A3E1FF0B9BE1}.Debug|Mixed Platforms.Build.0 = Debug|Any CPU
		{DF480FA8-3EB6-4CEB-A582-A3E1FF0B9BE1}.Debug|Win32.ActiveCfg = Debug|Any CPU
		{DF480FA8-3EB6-4CEB-A582-A3E1FF0B9BE1}.Debug|x64.ActiveCfg = Debug|Any CPU
		{DF480FA8-3EB6-4CEB-A582-A3E1FF0B9BE1}.Debug|x86.ActiveCfg = Debug|Any CPU
		{DF480FA8-3EB6-4CEB-A582-A3E1FF0B9BE1}.Release|Any CPU.ActiveCfg = Release|Any CPU
		{DF480FA8-3EB6-4CEB-A582-A3E1FF0B9BE1}.Release|Any CPU.Build.0 = Release|Any CPU
		{DF480FA8-3EB6-4CEB-A582-A3E1FF0B9BE1}.Release|ARM.ActiveCfg = Release|Any CPU
		{DF480FA8-3EB6-4CEB-A582-A3E1FF0B9BE1}.Release|Mixed Platforms.ActiveCfg = Release|Any CPU
		{DF480FA8-3EB6-4CEB-A582-A3E1FF0B9BE1}.Release|Mixed Platforms.Build.0 = Release|Any CPU
		{DF480FA8-3EB6-4CEB-A582-A3E1FF0B9BE1}.Release|Win32.ActiveCfg = Release|Any CPU
		{DF480FA8-3EB6-4CEB-A582-A3E1FF0B9BE1}.Release|x64.ActiveCfg = Release|Any CPU
		{DF480FA8-3EB6-4CEB-A582-A3E1FF0B9BE1}.Release|x86.ActiveCfg = Release|Any CPU
		{62646F94-014C-4609-B155-F23E35E98F7D}.Debug|Any CPU.ActiveCfg = Debug|Any CPU
		{62646F94-014C-4609-B155-F23E35E98F7D}.Debug|Any CPU.Build.0 = Debug|Any CPU
		{62646F94-014C-4609-B155-F23E35E98F7D}.Debug|Any CPU.Deploy.0 = Debug|Any CPU
		{62646F94-014C-4609-B155-F23E35E98F7D}.Debug|ARM.ActiveCfg = Debug|Any CPU
		{62646F94-014C-4609-B155-F23E35E98F7D}.Debug|Mixed Platforms.ActiveCfg = Debug|Any CPU
		{62646F94-014C-4609-B155-F23E35E98F7D}.Debug|Mixed Platforms.Build.0 = Debug|Any CPU
		{62646F94-014C-4609-B155-F23E35E98F7D}.Debug|Mixed Platforms.Deploy.0 = Debug|Any CPU
		{62646F94-014C-4609-B155-F23E35E98F7D}.Debug|Win32.ActiveCfg = Debug|Any CPU
		{62646F94-014C-4609-B155-F23E35E98F7D}.Debug|x64.ActiveCfg = Debug|Any CPU
		{62646F94-014C-4609-B155-F23E35E98F7D}.Debug|x86.ActiveCfg = Debug|Any CPU
		{62646F94-014C-4609-B155-F23E35E98F7D}.Release|Any CPU.ActiveCfg = Release|Any CPU
		{62646F94-014C-4609-B155-F23E35E98F7D}.Release|Any CPU.Build.0 = Release|Any CPU
		{62646F94-014C-4609-B155-F23E35E98F7D}.Release|Any CPU.Deploy.0 = Release|Any CPU
		{62646F94-014C-4609-B155-F23E35E98F7D}.Release|ARM.ActiveCfg = Release|Any CPU
		{62646F94-014C-4609-B155-F23E35E98F7D}.Release|Mixed Platforms.ActiveCfg = Release|Any CPU
		{62646F94-014C-4609-B155-F23E35E98F7D}.Release|Mixed Platforms.Build.0 = Release|Any CPU
		{62646F94-014C-4609-B155-F23E35E98F7D}.Release|Mixed Platforms.Deploy.0 = Release|Any CPU
		{62646F94-014C-4609-B155-F23E35E98F7D}.Release|Win32.ActiveCfg = Release|Any CPU
		{62646F94-014C-4609-B155-F23E35E98F7D}.Release|x64.ActiveCfg = Release|Any CPU
		{62646F94-014C-4609-B155-F23E35E98F7D}.Release|x86.ActiveCfg = Release|Any CPU
		{32A52E75-CE11-472A-BDBD-3BA3CADD7E90}.Debug|Any CPU.ActiveCfg = Debug|Any CPU
		{32A52E75-CE11-472A-BDBD-3BA3CADD7E90}.Debug|Any CPU.Build.0 = Debug|Any CPU
		{32A52E75-CE11-472A-BDBD-3BA3CADD7E90}.Debug|Any CPU.Deploy.0 = Debug|Any CPU
		{32A52E75-CE11-472A-BDBD-3BA3CADD7E90}.Debug|ARM.ActiveCfg = Debug|Any CPU
		{32A52E75-CE11-472A-BDBD-3BA3CADD7E90}.Debug|Mixed Platforms.ActiveCfg = Debug|Any CPU
		{32A52E75-CE11-472A-BDBD-3BA3CADD7E90}.Debug|Mixed Platforms.Build.0 = Debug|Any CPU
		{32A52E75-CE11-472A-BDBD-3BA3CADD7E90}.Debug|Mixed Platforms.Deploy.0 = Debug|Any CPU
		{32A52E75-CE11-472A-BDBD-3BA3CADD7E90}.Debug|Win32.ActiveCfg = Debug|Any CPU
		{32A52E75-CE11-472A-BDBD-3BA3CADD7E90}.Debug|x64.ActiveCfg = Debug|Any CPU
		{32A52E75-CE11-472A-BDBD-3BA3CADD7E90}.Debug|x86.ActiveCfg = Debug|Any CPU
		{32A52E75-CE11-472A-BDBD-3BA3CADD7E90}.Release|Any CPU.ActiveCfg = Release|Any CPU
		{32A52E75-CE11-472A-BDBD-3BA3CADD7E90}.Release|Any CPU.Build.0 = Release|Any CPU
		{32A52E75-CE11-472A-BDBD-3BA3CADD7E90}.Release|Any CPU.Deploy.0 = Release|Any CPU
		{32A52E75-CE11-472A-BDBD-3BA3CADD7E90}.Release|ARM.ActiveCfg = Release|Any CPU
		{32A52E75-CE11-472A-BDBD-3BA3CADD7E90}.Release|Mixed Platforms.ActiveCfg = Release|Any CPU
		{32A52E75-CE11-472A-BDBD-3BA3CADD7E90}.Release|Mixed Platforms.Build.0 = Release|Any CPU
		{32A52E75-CE11-472A-BDBD-3BA3CADD7E90}.Release|Mixed Platforms.Deploy.0 = Release|Any CPU
		{32A52E75-CE11-472A-BDBD-3BA3CADD7E90}.Release|Win32.ActiveCfg = Release|Any CPU
		{32A52E75-CE11-472A-BDBD-3BA3CADD7E90}.Release|x64.ActiveCfg = Release|Any CPU
		{32A52E75-CE11-472A-BDBD-3BA3CADD7E90}.Release|x86.ActiveCfg = Release|Any CPU
		{A4AEB66C-BADB-4581-BC0F-C2408C225256}.Debug|Any CPU.ActiveCfg = Debug|Any CPU
		{A4AEB66C-BADB-4581-BC0F-C2408C225256}.Debug|Any CPU.Build.0 = Debug|Any CPU
		{A4AEB66C-BADB-4581-BC0F-C2408C225256}.Debug|ARM.ActiveCfg = Debug|Any CPU
		{A4AEB66C-BADB-4581-BC0F-C2408C225256}.Debug|Mixed Platforms.ActiveCfg = Debug|Any CPU
		{A4AEB66C-BADB-4581-BC0F-C2408C225256}.Debug|Mixed Platforms.Build.0 = Debug|Any CPU
		{A4AEB66C-BADB-4581-BC0F-C2408C225256}.Debug|Win32.ActiveCfg = Debug|Any CPU
		{A4AEB66C-BADB-4581-BC0F-C2408C225256}.Debug|x64.ActiveCfg = Debug|Any CPU
		{A4AEB66C-BADB-4581-BC0F-C2408C225256}.Debug|x86.ActiveCfg = Debug|Any CPU
		{A4AEB66C-BADB-4581-BC0F-C2408C225256}.Release|Any CPU.ActiveCfg = Release|Any CPU
		{A4AEB66C-BADB-4581-BC0F-C2408C225256}.Release|Any CPU.Build.0 = Release|Any CPU
		{A4AEB66C-BADB-4581-BC0F-C2408C225256}.Release|ARM.ActiveCfg = Release|Any CPU
		{A4AEB66C-BADB-4581-BC0F-C2408C225256}.Release|Mixed Platforms.ActiveCfg = Release|Any CPU
		{A4AEB66C-BADB-4581-BC0F-C2408C225256}.Release|Mixed Platforms.Build.0 = Release|Any CPU
		{A4AEB66C-BADB-4581-BC0F-C2408C225256}.Release|Win32.ActiveCfg = Release|Any CPU
		{A4AEB66C-BADB-4581-BC0F-C2408C225256}.Release|x64.ActiveCfg = Release|Any CPU
		{A4AEB66C-BADB-4581-BC0F-C2408C225256}.Release|x86.ActiveCfg = Release|Any CPU
		{8CBF52ED-0DDD-4D94-ABA7-A2C83E8B27DA}.Debug|Any CPU.ActiveCfg = Debug|Any CPU
		{8CBF52ED-0DDD-4D94-ABA7-A2C83E8B27DA}.Debug|Any CPU.Build.0 = Debug|Any CPU
		{8CBF52ED-0DDD-4D94-ABA7-A2C83E8B27DA}.Debug|Any CPU.Deploy.0 = Debug|Any CPU
		{8CBF52ED-0DDD-4D94-ABA7-A2C83E8B27DA}.Debug|ARM.ActiveCfg = Debug|Any CPU
		{8CBF52ED-0DDD-4D94-ABA7-A2C83E8B27DA}.Debug|Mixed Platforms.ActiveCfg = Debug|Any CPU
		{8CBF52ED-0DDD-4D94-ABA7-A2C83E8B27DA}.Debug|Mixed Platforms.Build.0 = Debug|Any CPU
		{8CBF52ED-0DDD-4D94-ABA7-A2C83E8B27DA}.Debug|Mixed Platforms.Deploy.0 = Debug|Any CPU
		{8CBF52ED-0DDD-4D94-ABA7-A2C83E8B27DA}.Debug|Win32.ActiveCfg = Debug|Any CPU
		{8CBF52ED-0DDD-4D94-ABA7-A2C83E8B27DA}.Debug|x64.ActiveCfg = Debug|Any CPU
		{8CBF52ED-0DDD-4D94-ABA7-A2C83E8B27DA}.Debug|x86.ActiveCfg = Debug|Any CPU
		{8CBF52ED-0DDD-4D94-ABA7-A2C83E8B27DA}.Release|Any CPU.ActiveCfg = Release|Any CPU
		{8CBF52ED-0DDD-4D94-ABA7-A2C83E8B27DA}.Release|Any CPU.Build.0 = Release|Any CPU
		{8CBF52ED-0DDD-4D94-ABA7-A2C83E8B27DA}.Release|Any CPU.Deploy.0 = Release|Any CPU
		{8CBF52ED-0DDD-4D94-ABA7-A2C83E8B27DA}.Release|ARM.ActiveCfg = Release|Any CPU
		{8CBF52ED-0DDD-4D94-ABA7-A2C83E8B27DA}.Release|Mixed Platforms.ActiveCfg = Release|Any CPU
		{8CBF52ED-0DDD-4D94-ABA7-A2C83E8B27DA}.Release|Mixed Platforms.Build.0 = Release|Any CPU
		{8CBF52ED-0DDD-4D94-ABA7-A2C83E8B27DA}.Release|Mixed Platforms.Deploy.0 = Release|Any CPU
		{8CBF52ED-0DDD-4D94-ABA7-A2C83E8B27DA}.Release|Win32.ActiveCfg = Release|Any CPU
		{8CBF52ED-0DDD-4D94-ABA7-A2C83E8B27DA}.Release|x64.ActiveCfg = Release|Any CPU
		{8CBF52ED-0DDD-4D94-ABA7-A2C83E8B27DA}.Release|x86.ActiveCfg = Release|Any CPU
		{C609BB67-2647-4C52-A4ED-3625771ECE57}.Debug|Any CPU.ActiveCfg = Debug|Any CPU
		{C609BB67-2647-4C52-A4ED-3625771ECE57}.Debug|Any CPU.Build.0 = Debug|Any CPU
		{C609BB67-2647-4C52-A4ED-3625771ECE57}.Debug|Any CPU.Deploy.0 = Debug|Any CPU
		{C609BB67-2647-4C52-A4ED-3625771ECE57}.Debug|ARM.ActiveCfg = Debug|ARM
		{C609BB67-2647-4C52-A4ED-3625771ECE57}.Debug|ARM.Build.0 = Debug|ARM
		{C609BB67-2647-4C52-A4ED-3625771ECE57}.Debug|ARM.Deploy.0 = Debug|ARM
		{C609BB67-2647-4C52-A4ED-3625771ECE57}.Debug|Mixed Platforms.ActiveCfg = Debug|x86
		{C609BB67-2647-4C52-A4ED-3625771ECE57}.Debug|Mixed Platforms.Build.0 = Debug|x86
		{C609BB67-2647-4C52-A4ED-3625771ECE57}.Debug|Mixed Platforms.Deploy.0 = Debug|x86
		{C609BB67-2647-4C52-A4ED-3625771ECE57}.Debug|Win32.ActiveCfg = Debug|x86
		{C609BB67-2647-4C52-A4ED-3625771ECE57}.Debug|Win32.Build.0 = Debug|x86
		{C609BB67-2647-4C52-A4ED-3625771ECE57}.Debug|Win32.Deploy.0 = Debug|x86
		{C609BB67-2647-4C52-A4ED-3625771ECE57}.Debug|x64.ActiveCfg = Debug|Any CPU
		{C609BB67-2647-4C52-A4ED-3625771ECE57}.Debug|x86.ActiveCfg = Debug|x86
		{C609BB67-2647-4C52-A4ED-3625771ECE57}.Debug|x86.Build.0 = Debug|x86
		{C609BB67-2647-4C52-A4ED-3625771ECE57}.Debug|x86.Deploy.0 = Debug|x86
		{C609BB67-2647-4C52-A4ED-3625771ECE57}.Release|Any CPU.ActiveCfg = Release|Any CPU
		{C609BB67-2647-4C52-A4ED-3625771ECE57}.Release|Any CPU.Build.0 = Release|Any CPU
		{C609BB67-2647-4C52-A4ED-3625771ECE57}.Release|Any CPU.Deploy.0 = Release|Any CPU
		{C609BB67-2647-4C52-A4ED-3625771ECE57}.Release|ARM.ActiveCfg = Release|ARM
		{C609BB67-2647-4C52-A4ED-3625771ECE57}.Release|ARM.Build.0 = Release|ARM
		{C609BB67-2647-4C52-A4ED-3625771ECE57}.Release|ARM.Deploy.0 = Release|ARM
		{C609BB67-2647-4C52-A4ED-3625771ECE57}.Release|Mixed Platforms.ActiveCfg = Release|x86
		{C609BB67-2647-4C52-A4ED-3625771ECE57}.Release|Mixed Platforms.Build.0 = Release|x86
		{C609BB67-2647-4C52-A4ED-3625771ECE57}.Release|Mixed Platforms.Deploy.0 = Release|x86
		{C609BB67-2647-4C52-A4ED-3625771ECE57}.Release|Win32.ActiveCfg = Release|x86
		{C609BB67-2647-4C52-A4ED-3625771ECE57}.Release|Win32.Build.0 = Release|x86
		{C609BB67-2647-4C52-A4ED-3625771ECE57}.Release|Win32.Deploy.0 = Release|x86
		{C609BB67-2647-4C52-A4ED-3625771ECE57}.Release|x64.ActiveCfg = Release|Any CPU
		{C609BB67-2647-4C52-A4ED-3625771ECE57}.Release|x86.ActiveCfg = Release|x86
		{C609BB67-2647-4C52-A4ED-3625771ECE57}.Release|x86.Build.0 = Release|x86
		{C609BB67-2647-4C52-A4ED-3625771ECE57}.Release|x86.Deploy.0 = Release|x86
		{18F890BB-BD2E-4B7C-B152-E540066583A4}.Debug|Any CPU.ActiveCfg = Debug|Any CPU
		{18F890BB-BD2E-4B7C-B152-E540066583A4}.Debug|Any CPU.Build.0 = Debug|Any CPU
		{18F890BB-BD2E-4B7C-B152-E540066583A4}.Debug|Any CPU.Deploy.0 = Debug|Any CPU
		{18F890BB-BD2E-4B7C-B152-E540066583A4}.Debug|ARM.ActiveCfg = Debug|ARM
		{18F890BB-BD2E-4B7C-B152-E540066583A4}.Debug|ARM.Build.0 = Debug|ARM
		{18F890BB-BD2E-4B7C-B152-E540066583A4}.Debug|ARM.Deploy.0 = Debug|ARM
		{18F890BB-BD2E-4B7C-B152-E540066583A4}.Debug|Mixed Platforms.ActiveCfg = Debug|x86
		{18F890BB-BD2E-4B7C-B152-E540066583A4}.Debug|Mixed Platforms.Build.0 = Debug|x86
		{18F890BB-BD2E-4B7C-B152-E540066583A4}.Debug|Mixed Platforms.Deploy.0 = Debug|x86
		{18F890BB-BD2E-4B7C-B152-E540066583A4}.Debug|Win32.ActiveCfg = Debug|x86
		{18F890BB-BD2E-4B7C-B152-E540066583A4}.Debug|Win32.Build.0 = Debug|x86
		{18F890BB-BD2E-4B7C-B152-E540066583A4}.Debug|Win32.Deploy.0 = Debug|x86
		{18F890BB-BD2E-4B7C-B152-E540066583A4}.Debug|x64.ActiveCfg = Debug|Any CPU
		{18F890BB-BD2E-4B7C-B152-E540066583A4}.Debug|x86.ActiveCfg = Debug|x86
		{18F890BB-BD2E-4B7C-B152-E540066583A4}.Debug|x86.Build.0 = Debug|x86
		{18F890BB-BD2E-4B7C-B152-E540066583A4}.Debug|x86.Deploy.0 = Debug|x86
		{18F890BB-BD2E-4B7C-B152-E540066583A4}.Release|Any CPU.ActiveCfg = Release|Any CPU
		{18F890BB-BD2E-4B7C-B152-E540066583A4}.Release|Any CPU.Build.0 = Release|Any CPU
		{18F890BB-BD2E-4B7C-B152-E540066583A4}.Release|Any CPU.Deploy.0 = Release|Any CPU
		{18F890BB-BD2E-4B7C-B152-E540066583A4}.Release|ARM.ActiveCfg = Release|ARM
		{18F890BB-BD2E-4B7C-B152-E540066583A4}.Release|ARM.Build.0 = Release|ARM
		{18F890BB-BD2E-4B7C-B152-E540066583A4}.Release|ARM.Deploy.0 = Release|ARM
		{18F890BB-BD2E-4B7C-B152-E540066583A4}.Release|Mixed Platforms.ActiveCfg = Release|x86
		{18F890BB-BD2E-4B7C-B152-E540066583A4}.Release|Mixed Platforms.Build.0 = Release|x86
		{18F890BB-BD2E-4B7C-B152-E540066583A4}.Release|Mixed Platforms.Deploy.0 = Release|x86
		{18F890BB-BD2E-4B7C-B152-E540066583A4}.Release|Win32.ActiveCfg = Release|x86
		{18F890BB-BD2E-4B7C-B152-E540066583A4}.Release|Win32.Build.0 = Release|x86
		{18F890BB-BD2E-4B7C-B152-E540066583A4}.Release|Win32.Deploy.0 = Release|x86
		{18F890BB-BD2E-4B7C-B152-E540066583A4}.Release|x64.ActiveCfg = Release|Any CPU
		{18F890BB-BD2E-4B7C-B152-E540066583A4}.Release|x86.ActiveCfg = Release|x86
		{18F890BB-BD2E-4B7C-B152-E540066583A4}.Release|x86.Build.0 = Release|x86
		{18F890BB-BD2E-4B7C-B152-E540066583A4}.Release|x86.Deploy.0 = Release|x86
		{912DD90C-140E-4E30-8BF2-68E2930498EA}.Debug|Any CPU.ActiveCfg = Debug|Any CPU
		{912DD90C-140E-4E30-8BF2-68E2930498EA}.Debug|Any CPU.Build.0 = Debug|Any CPU
		{912DD90C-140E-4E30-8BF2-68E2930498EA}.Debug|Any CPU.Deploy.0 = Debug|Any CPU
		{912DD90C-140E-4E30-8BF2-68E2930498EA}.Debug|ARM.ActiveCfg = Debug|ARM
		{912DD90C-140E-4E30-8BF2-68E2930498EA}.Debug|ARM.Build.0 = Debug|ARM
		{912DD90C-140E-4E30-8BF2-68E2930498EA}.Debug|ARM.Deploy.0 = Debug|ARM
		{912DD90C-140E-4E30-8BF2-68E2930498EA}.Debug|Mixed Platforms.ActiveCfg = Debug|x86
		{912DD90C-140E-4E30-8BF2-68E2930498EA}.Debug|Mixed Platforms.Build.0 = Debug|x86
		{912DD90C-140E-4E30-8BF2-68E2930498EA}.Debug|Mixed Platforms.Deploy.0 = Debug|x86
		{912DD90C-140E-4E30-8BF2-68E2930498EA}.Debug|Win32.ActiveCfg = Debug|x86
		{912DD90C-140E-4E30-8BF2-68E2930498EA}.Debug|Win32.Build.0 = Debug|x86
		{912DD90C-140E-4E30-8BF2-68E2930498EA}.Debug|Win32.Deploy.0 = Debug|x86
		{912DD90C-140E-4E30-8BF2-68E2930498EA}.Debug|x64.ActiveCfg = Debug|Any CPU
		{912DD90C-140E-4E30-8BF2-68E2930498EA}.Debug|x86.ActiveCfg = Debug|x86
		{912DD90C-140E-4E30-8BF2-68E2930498EA}.Debug|x86.Build.0 = Debug|x86
		{912DD90C-140E-4E30-8BF2-68E2930498EA}.Debug|x86.Deploy.0 = Debug|x86
		{912DD90C-140E-4E30-8BF2-68E2930498EA}.Release|Any CPU.ActiveCfg = Release|Any CPU
		{912DD90C-140E-4E30-8BF2-68E2930498EA}.Release|Any CPU.Build.0 = Release|Any CPU
		{912DD90C-140E-4E30-8BF2-68E2930498EA}.Release|Any CPU.Deploy.0 = Release|Any CPU
		{912DD90C-140E-4E30-8BF2-68E2930498EA}.Release|ARM.ActiveCfg = Release|ARM
		{912DD90C-140E-4E30-8BF2-68E2930498EA}.Release|ARM.Build.0 = Release|ARM
		{912DD90C-140E-4E30-8BF2-68E2930498EA}.Release|ARM.Deploy.0 = Release|ARM
		{912DD90C-140E-4E30-8BF2-68E2930498EA}.Release|Mixed Platforms.ActiveCfg = Release|x86
		{912DD90C-140E-4E30-8BF2-68E2930498EA}.Release|Mixed Platforms.Build.0 = Release|x86
		{912DD90C-140E-4E30-8BF2-68E2930498EA}.Release|Mixed Platforms.Deploy.0 = Release|x86
		{912DD90C-140E-4E30-8BF2-68E2930498EA}.Release|Win32.ActiveCfg = Release|x86
		{912DD90C-140E-4E30-8BF2-68E2930498EA}.Release|Win32.Build.0 = Release|x86
		{912DD90C-140E-4E30-8BF2-68E2930498EA}.Release|Win32.Deploy.0 = Release|x86
		{912DD90C-140E-4E30-8BF2-68E2930498EA}.Release|x64.ActiveCfg = Release|Any CPU
		{912DD90C-140E-4E30-8BF2-68E2930498EA}.Release|x86.ActiveCfg = Release|x86
		{912DD90C-140E-4E30-8BF2-68E2930498EA}.Release|x86.Build.0 = Release|x86
		{912DD90C-140E-4E30-8BF2-68E2930498EA}.Release|x86.Deploy.0 = Release|x86
		{056276DD-823C-4249-901C-378D47CEE599}.Debug|Any CPU.ActiveCfg = Debug|Any CPU
		{056276DD-823C-4249-901C-378D47CEE599}.Debug|Any CPU.Build.0 = Debug|Any CPU
		{056276DD-823C-4249-901C-378D47CEE599}.Debug|ARM.ActiveCfg = Debug|ARM
		{056276DD-823C-4249-901C-378D47CEE599}.Debug|ARM.Build.0 = Debug|ARM
		{056276DD-823C-4249-901C-378D47CEE599}.Debug|Mixed Platforms.ActiveCfg = Debug|x86
		{056276DD-823C-4249-901C-378D47CEE599}.Debug|Mixed Platforms.Build.0 = Debug|x86
		{056276DD-823C-4249-901C-378D47CEE599}.Debug|Win32.ActiveCfg = Debug|x86
		{056276DD-823C-4249-901C-378D47CEE599}.Debug|Win32.Build.0 = Debug|x86
		{056276DD-823C-4249-901C-378D47CEE599}.Debug|x64.ActiveCfg = Debug|Any CPU
		{056276DD-823C-4249-901C-378D47CEE599}.Debug|x86.ActiveCfg = Debug|x86
		{056276DD-823C-4249-901C-378D47CEE599}.Debug|x86.Build.0 = Debug|x86
		{056276DD-823C-4249-901C-378D47CEE599}.Release|Any CPU.ActiveCfg = Release|Any CPU
		{056276DD-823C-4249-901C-378D47CEE599}.Release|Any CPU.Build.0 = Release|Any CPU
		{056276DD-823C-4249-901C-378D47CEE599}.Release|ARM.ActiveCfg = Release|ARM
		{056276DD-823C-4249-901C-378D47CEE599}.Release|ARM.Build.0 = Release|ARM
		{056276DD-823C-4249-901C-378D47CEE599}.Release|Mixed Platforms.ActiveCfg = Release|x86
		{056276DD-823C-4249-901C-378D47CEE599}.Release|Mixed Platforms.Build.0 = Release|x86
		{056276DD-823C-4249-901C-378D47CEE599}.Release|Win32.ActiveCfg = Release|x86
		{056276DD-823C-4249-901C-378D47CEE599}.Release|Win32.Build.0 = Release|x86
		{056276DD-823C-4249-901C-378D47CEE599}.Release|x64.ActiveCfg = Release|Any CPU
		{056276DD-823C-4249-901C-378D47CEE599}.Release|x86.ActiveCfg = Release|x86
		{056276DD-823C-4249-901C-378D47CEE599}.Release|x86.Build.0 = Release|x86
		{3ABDF182-B92E-4192-8F53-785668689CE2}.Debug|Any CPU.ActiveCfg = Debug|Any CPU
		{3ABDF182-B92E-4192-8F53-785668689CE2}.Debug|Any CPU.Build.0 = Debug|Any CPU
		{3ABDF182-B92E-4192-8F53-785668689CE2}.Debug|ARM.ActiveCfg = Debug|ARM
		{3ABDF182-B92E-4192-8F53-785668689CE2}.Debug|ARM.Build.0 = Debug|ARM
		{3ABDF182-B92E-4192-8F53-785668689CE2}.Debug|Mixed Platforms.ActiveCfg = Debug|x86
		{3ABDF182-B92E-4192-8F53-785668689CE2}.Debug|Mixed Platforms.Build.0 = Debug|x86
		{3ABDF182-B92E-4192-8F53-785668689CE2}.Debug|Win32.ActiveCfg = Debug|x86
		{3ABDF182-B92E-4192-8F53-785668689CE2}.Debug|Win32.Build.0 = Debug|x86
		{3ABDF182-B92E-4192-8F53-785668689CE2}.Debug|x64.ActiveCfg = Debug|Any CPU
		{3ABDF182-B92E-4192-8F53-785668689CE2}.Debug|x86.ActiveCfg = Debug|x86
		{3ABDF182-B92E-4192-8F53-785668689CE2}.Debug|x86.Build.0 = Debug|x86
		{3ABDF182-B92E-4192-8F53-785668689CE2}.Release|Any CPU.ActiveCfg = Release|Any CPU
		{3ABDF182-B92E-4192-8F53-785668689CE2}.Release|Any CPU.Build.0 = Release|Any CPU
		{3ABDF182-B92E-4192-8F53-785668689CE2}.Release|ARM.ActiveCfg = Release|ARM
		{3ABDF182-B92E-4192-8F53-785668689CE2}.Release|ARM.Build.0 = Release|ARM
		{3ABDF182-B92E-4192-8F53-785668689CE2}.Release|Mixed Platforms.ActiveCfg = Release|x86
		{3ABDF182-B92E-4192-8F53-785668689CE2}.Release|Mixed Platforms.Build.0 = Release|x86
		{3ABDF182-B92E-4192-8F53-785668689CE2}.Release|Win32.ActiveCfg = Release|x86
		{3ABDF182-B92E-4192-8F53-785668689CE2}.Release|Win32.Build.0 = Release|x86
		{3ABDF182-B92E-4192-8F53-785668689CE2}.Release|x64.ActiveCfg = Release|Any CPU
		{3ABDF182-B92E-4192-8F53-785668689CE2}.Release|x86.ActiveCfg = Release|x86
		{3ABDF182-B92E-4192-8F53-785668689CE2}.Release|x86.Build.0 = Release|x86
		{30A5E000-7B99-4F74-83E6-1DDF42753A4F}.Debug|Any CPU.ActiveCfg = Debug|Win32
		{30A5E000-7B99-4F74-83E6-1DDF42753A4F}.Debug|ARM.ActiveCfg = Debug|ARM
		{30A5E000-7B99-4F74-83E6-1DDF42753A4F}.Debug|ARM.Build.0 = Debug|ARM
		{30A5E000-7B99-4F74-83E6-1DDF42753A4F}.Debug|Mixed Platforms.ActiveCfg = Debug|Win32
		{30A5E000-7B99-4F74-83E6-1DDF42753A4F}.Debug|Mixed Platforms.Build.0 = Debug|Win32
		{30A5E000-7B99-4F74-83E6-1DDF42753A4F}.Debug|Win32.ActiveCfg = Debug|Win32
		{30A5E000-7B99-4F74-83E6-1DDF42753A4F}.Debug|Win32.Build.0 = Debug|Win32
		{30A5E000-7B99-4F74-83E6-1DDF42753A4F}.Debug|x64.ActiveCfg = Debug|Win32
		{30A5E000-7B99-4F74-83E6-1DDF42753A4F}.Debug|x86.ActiveCfg = Debug|Win32
		{30A5E000-7B99-4F74-83E6-1DDF42753A4F}.Debug|x86.Build.0 = Debug|Win32
		{30A5E000-7B99-4F74-83E6-1DDF42753A4F}.Release|Any CPU.ActiveCfg = Release|Win32
		{30A5E000-7B99-4F74-83E6-1DDF42753A4F}.Release|ARM.ActiveCfg = Release|ARM
		{30A5E000-7B99-4F74-83E6-1DDF42753A4F}.Release|ARM.Build.0 = Release|ARM
		{30A5E000-7B99-4F74-83E6-1DDF42753A4F}.Release|Mixed Platforms.ActiveCfg = Release|Win32
		{30A5E000-7B99-4F74-83E6-1DDF42753A4F}.Release|Mixed Platforms.Build.0 = Release|Win32
		{30A5E000-7B99-4F74-83E6-1DDF42753A4F}.Release|Win32.ActiveCfg = Release|Win32
		{30A5E000-7B99-4F74-83E6-1DDF42753A4F}.Release|Win32.Build.0 = Release|Win32
		{30A5E000-7B99-4F74-83E6-1DDF42753A4F}.Release|x64.ActiveCfg = Release|Win32
		{30A5E000-7B99-4F74-83E6-1DDF42753A4F}.Release|x86.ActiveCfg = Release|Win32
		{30A5E000-7B99-4F74-83E6-1DDF42753A4F}.Release|x86.Build.0 = Release|Win32
		{6D26183C-C191-415C-948D-DF4D1F7C5019}.Debug|Any CPU.ActiveCfg = Debug|Any CPU
		{6D26183C-C191-415C-948D-DF4D1F7C5019}.Debug|Any CPU.Build.0 = Debug|Any CPU
		{6D26183C-C191-415C-948D-DF4D1F7C5019}.Debug|ARM.ActiveCfg = Debug|Any CPU
		{6D26183C-C191-415C-948D-DF4D1F7C5019}.Debug|Mixed Platforms.ActiveCfg = Debug|Any CPU
		{6D26183C-C191-415C-948D-DF4D1F7C5019}.Debug|Mixed Platforms.Build.0 = Debug|Any CPU
		{6D26183C-C191-415C-948D-DF4D1F7C5019}.Debug|Win32.ActiveCfg = Debug|Any CPU
		{6D26183C-C191-415C-948D-DF4D1F7C5019}.Debug|x64.ActiveCfg = Debug|Any CPU
		{6D26183C-C191-415C-948D-DF4D1F7C5019}.Debug|x86.ActiveCfg = Debug|Any CPU
		{6D26183C-C191-415C-948D-DF4D1F7C5019}.Release|Any CPU.ActiveCfg = Release|Any CPU
		{6D26183C-C191-415C-948D-DF4D1F7C5019}.Release|Any CPU.Build.0 = Release|Any CPU
		{6D26183C-C191-415C-948D-DF4D1F7C5019}.Release|ARM.ActiveCfg = Release|Any CPU
		{6D26183C-C191-415C-948D-DF4D1F7C5019}.Release|Mixed Platforms.ActiveCfg = Release|Any CPU
		{6D26183C-C191-415C-948D-DF4D1F7C5019}.Release|Mixed Platforms.Build.0 = Release|Any CPU
		{6D26183C-C191-415C-948D-DF4D1F7C5019}.Release|Win32.ActiveCfg = Release|Any CPU
		{6D26183C-C191-415C-948D-DF4D1F7C5019}.Release|x64.ActiveCfg = Release|Any CPU
		{6D26183C-C191-415C-948D-DF4D1F7C5019}.Release|x86.ActiveCfg = Release|Any CPU
	EndGlobalSection
	GlobalSection(SolutionProperties) = preSolution
		HideSolutionNode = FALSE
	EndGlobalSection
	GlobalSection(NestedProjects) = preSolution
		{3D8BA561-FEA8-402F-9CA0-AB753B58ED1E} = {7B9B5B54-E575-42B3-AE62-B8D3FCB538A8}
		{152D9FAB-D1FE-4175-9A58-542F2806932D} = {7B9B5B54-E575-42B3-AE62-B8D3FCB538A8}
		{3ABDF182-B92E-4192-8F53-785668689CE2} = {7B9B5B54-E575-42B3-AE62-B8D3FCB538A8}
		{E706726A-A6B2-42F1-8502-C0F3AC04B0D5} = {CFDC6D13-EA54-4D62-A64E-21CD9737F269}
		{F8CBF723-174C-49DC-98ED-8947597621D4} = {F2F9994B-1A38-4B23-A133-C98CA8D88FCA}
		{CF265917-ABCC-42B3-8C8C-FF890E55BC9F} = {F2F9994B-1A38-4B23-A133-C98CA8D88FCA}
		{8CBF52ED-0DDD-4D94-ABA7-A2C83E8B27DA} = {F2F9994B-1A38-4B23-A133-C98CA8D88FCA}
		{912DD90C-140E-4E30-8BF2-68E2930498EA} = {F2F9994B-1A38-4B23-A133-C98CA8D88FCA}
		{8E4EE518-0E2F-4033-8E5A-D38978AE314D} = {80BBB2DE-7F69-4634-A251-84A7660EF9FE}
		{A0966DE3-E5AE-440B-9DD8-3E55C72DA342} = {80BBB2DE-7F69-4634-A251-84A7660EF9FE}
		{32A52E75-CE11-472A-BDBD-3BA3CADD7E90} = {80BBB2DE-7F69-4634-A251-84A7660EF9FE}
		{18F890BB-BD2E-4B7C-B152-E540066583A4} = {80BBB2DE-7F69-4634-A251-84A7660EF9FE}
		{CBCAC39A-6019-4B91-A8F8-8E3B6DD10F1E} = {3D52E8BF-8A0A-4D23-8738-A027D5A3BD9B}
		{DF480FA8-3EB6-4CEB-A582-A3E1FF0B9BE1} = {3D52E8BF-8A0A-4D23-8738-A027D5A3BD9B}
		{62646F94-014C-4609-B155-F23E35E98F7D} = {3D52E8BF-8A0A-4D23-8738-A027D5A3BD9B}
		{C609BB67-2647-4C52-A4ED-3625771ECE57} = {3D52E8BF-8A0A-4D23-8738-A027D5A3BD9B}
		{E0644C82-1C4F-4C7D-80C3-69439D7A7799} = {405ED5A8-1D7A-42AA-902D-1E5EC9DEA497}
		{A7F66BD5-AA1B-4AAD-BB90-540A7D43D6F2} = {405ED5A8-1D7A-42AA-902D-1E5EC9DEA497}
		{A4AEB66C-BADB-4581-BC0F-C2408C225256} = {405ED5A8-1D7A-42AA-902D-1E5EC9DEA497}
		{056276DD-823C-4249-901C-378D47CEE599} = {405ED5A8-1D7A-42AA-902D-1E5EC9DEA497}
		{30A5E000-7B99-4F74-83E6-1DDF42753A4F} = {0E57A18A-3E24-417B-9E22-1F7DAB9B2496}
		{6D26183C-C191-415C-948D-DF4D1F7C5019} = {0E57A18A-3E24-417B-9E22-1F7DAB9B2496}
	EndGlobalSection
	GlobalSection(MonoDevelopProperties) = preSolution
		StartupItem = D:\GitHub\mono\mcs\class\System.Data\System.Data-net_4_0.csproj
	EndGlobalSection
EndGlobal
