
Microsoft Visual Studio Solution File, Format Version 12.00
# Visual Studio 2012
Project("{FAE04EC0-301F-11D3-BF4B-00C04F79EFBC}") = "Mono.Data.Sqlite.Metro", "Mono.Data.Sqlite.Portable\Mono.Data.Sqlite.Metro.csproj", "{E0644C82-1C4F-4C7D-80C3-69439D7A7799}"
EndProject
Project("{FAE04EC0-301F-11D3-BF4B-00C04F79EFBC}") = "Mono.Data.Sqlite.Metro.Tests", "Mono.Data.Sqlite.Metro.Tests\Mono.Data.Sqlite.Metro.Tests.csproj", "{F8CBF723-174C-49DC-98ED-8947597621D4}"
EndProject
Project("{2150E333-8FDC-42A3-9474-1A3956D46DE8}") = "Unit Tests", "Unit Tests", "{2F30D776-D8AA-43AF-BBA0-5C061666D1D7}"
EndProject
Project("{2150E333-8FDC-42A3-9474-1A3956D46DE8}") = "Silverlight", "Silverlight", "{CC5C321F-717F-4A86-91AF-7821708C5812}"
EndProject
Project("{2150E333-8FDC-42A3-9474-1A3956D46DE8}") = "Metro", "Metro", "{448DE826-0F52-47E7-B778-85C80CE5EA8A}"
EndProject
Project("{2150E333-8FDC-42A3-9474-1A3956D46DE8}") = "Common", "Common", "{21935BC1-3D35-4200-96EB-182C12F3C673}"
EndProject
Project("{2150E333-8FDC-42A3-9474-1A3956D46DE8}") = "Unit Tests", "Unit Tests", "{500D368B-B610-4CFF-B05E-8AE7DBB37FF6}"
EndProject
Project("{2150E333-8FDC-42A3-9474-1A3956D46DE8}") = "Unit Tests", "Unit Tests", "{48EE8CA5-0674-47A2-838E-2DBCECEB0693}"
EndProject
Project("{FAE04EC0-301F-11D3-BF4B-00C04F79EFBC}") = "Mono.Data.Sqlite.Silverlight", "Mono.Data.Sqlite\Mono.Data.Sqlite.Silverlight.csproj", "{24CB6471-46C0-4456-99BF-472D550EB30A}"
EndProject
Project("{FAE04EC0-301F-11D3-BF4B-00C04F79EFBC}") = "Mono.Data.Sqlite.Test.Silverlight", "Mono.Data.Sqlite.Test.Silverlight\Mono.Data.Sqlite.Test.Silverlight.csproj", "{A3FE7C6E-8B59-4B06-A221-F45831D0E3A2}"
EndProject
Project("{FAE04EC0-301F-11D3-BF4B-00C04F79EFBC}") = "TestRunner.Silverlight", "TestRunner.Silverlight\TestRunner.Silverlight.csproj", "{2E050EFF-0E23-4B0D-B322-24EAAD7C90DD}"
EndProject
Project("{FAE04EC0-301F-11D3-BF4B-00C04F79EFBC}") = "System.Transactions.Test.Metro", "System.Transactions\Test\System.Transactions.Test.Metro.csproj", "{EBAA0901-6AAE-4833-B69A-813C65ACA010}"
EndProject
Project("{FAE04EC0-301F-11D3-BF4B-00C04F79EFBC}") = "System.Transactions.Test.Silverlight", "System.Transactions\Test\System.Transactions.Test.Silverlight.csproj", "{44A50CEB-680B-4CC3-9856-7D8D85A160E1}"
EndProject
Project("{FAE04EC0-301F-11D3-BF4B-00C04F79EFBC}") = "UnitTestRunner", "UnitTestRunner\UnitTestRunner.csproj", "{5E594E05-99F8-4230-A88C-1D28530B58BF}"
EndProject
Project("{FAE04EC0-301F-11D3-BF4B-00C04F79EFBC}") = "System.Transactions", "System.Transactions\System.Transactions.csproj", "{E706726A-A6B2-42F1-8502-C0F3AC04B0D5}"
EndProject
Project("{FAE04EC0-301F-11D3-BF4B-00C04F79EFBC}") = "System.Data.Metro", "System.Data\System.Data.Metro.csproj", "{28F2EF9E-4AE9-4041-8DD7-E5E203560745}"
EndProject
Project("{FAE04EC0-301F-11D3-BF4B-00C04F79EFBC}") = "System.Data.Test.Metro", "System.Data\Test\System.Data.Test.Metro.csproj", "{013AC5EB-3460-44D1-977A-888067D8EC50}"
EndProject
Project("{FAE04EC0-301F-11D3-BF4B-00C04F79EFBC}") = "System.Data.Test.Silverlight", "System.Data\Test\System.Data.Test.Silverlight.csproj", "{602B2163-C4A3-459B-954A-147922D39CC5}"
EndProject
Project("{FAE04EC0-301F-11D3-BF4B-00C04F79EFBC}") = "System.Data.Silverlight", "System.Data\System.Data.Silverlight.csproj", "{BFAE3D32-98AD-49AB-BE36-4FD51631C0B1}"
EndProject
Global
	GlobalSection(SolutionConfigurationPlatforms) = preSolution
		Debug|ARM = Debug|ARM
		Debug|Any CPU = Debug|Any CPU
		Debug|x64 = Debug|x64
		Debug|x86 = Debug|x86
		Release|ARM = Release|ARM
		Release|Any CPU = Release|Any CPU
		Release|x64 = Release|x64
		Release|x86 = Release|x86
	EndGlobalSection
	GlobalSection(ProjectConfigurationPlatforms) = postSolution
		{013AC5EB-3460-44D1-977A-888067D8EC50}.Debug|ARM.ActiveCfg = Debug|ARM
		{013AC5EB-3460-44D1-977A-888067D8EC50}.Debug|ARM.Build.0 = Debug|ARM
		{013AC5EB-3460-44D1-977A-888067D8EC50}.Debug|ARM.Deploy.0 = Debug|ARM
		{013AC5EB-3460-44D1-977A-888067D8EC50}.Debug|Any CPU.ActiveCfg = Debug|Any CPU
		{013AC5EB-3460-44D1-977A-888067D8EC50}.Debug|Any CPU.Build.0 = Debug|Any CPU
		{013AC5EB-3460-44D1-977A-888067D8EC50}.Debug|Any CPU.Deploy.0 = Debug|Any CPU
		{013AC5EB-3460-44D1-977A-888067D8EC50}.Debug|x64.ActiveCfg = Debug|x64
		{013AC5EB-3460-44D1-977A-888067D8EC50}.Debug|x64.Build.0 = Debug|x64
		{013AC5EB-3460-44D1-977A-888067D8EC50}.Debug|x64.Deploy.0 = Debug|x64
		{013AC5EB-3460-44D1-977A-888067D8EC50}.Debug|x86.ActiveCfg = Debug|x86
		{013AC5EB-3460-44D1-977A-888067D8EC50}.Debug|x86.Build.0 = Debug|x86
		{013AC5EB-3460-44D1-977A-888067D8EC50}.Debug|x86.Deploy.0 = Debug|x86
		{013AC5EB-3460-44D1-977A-888067D8EC50}.Release|ARM.ActiveCfg = Release|ARM
		{013AC5EB-3460-44D1-977A-888067D8EC50}.Release|ARM.Build.0 = Release|ARM
		{013AC5EB-3460-44D1-977A-888067D8EC50}.Release|ARM.Deploy.0 = Release|ARM
		{013AC5EB-3460-44D1-977A-888067D8EC50}.Release|Any CPU.ActiveCfg = Release|Any CPU
		{013AC5EB-3460-44D1-977A-888067D8EC50}.Release|Any CPU.Build.0 = Release|Any CPU
		{013AC5EB-3460-44D1-977A-888067D8EC50}.Release|Any CPU.Deploy.0 = Release|Any CPU
		{013AC5EB-3460-44D1-977A-888067D8EC50}.Release|x64.ActiveCfg = Release|x64
		{013AC5EB-3460-44D1-977A-888067D8EC50}.Release|x64.Build.0 = Release|x64
		{013AC5EB-3460-44D1-977A-888067D8EC50}.Release|x64.Deploy.0 = Release|x64
		{013AC5EB-3460-44D1-977A-888067D8EC50}.Release|x86.ActiveCfg = Release|x86
		{013AC5EB-3460-44D1-977A-888067D8EC50}.Release|x86.Build.0 = Release|x86
		{013AC5EB-3460-44D1-977A-888067D8EC50}.Release|x86.Deploy.0 = Release|x86
		{24CB6471-46C0-4456-99BF-472D550EB30A}.Debug|ARM.ActiveCfg = Debug|Any CPU
		{24CB6471-46C0-4456-99BF-472D550EB30A}.Debug|Any CPU.ActiveCfg = Debug|Any CPU
		{24CB6471-46C0-4456-99BF-472D550EB30A}.Debug|Any CPU.Build.0 = Debug|Any CPU
		{24CB6471-46C0-4456-99BF-472D550EB30A}.Debug|x64.ActiveCfg = Debug|Any CPU
		{24CB6471-46C0-4456-99BF-472D550EB30A}.Debug|x86.ActiveCfg = Debug|Any CPU
		{24CB6471-46C0-4456-99BF-472D550EB30A}.Release|ARM.ActiveCfg = Release|Any CPU
		{24CB6471-46C0-4456-99BF-472D550EB30A}.Release|Any CPU.ActiveCfg = Release|Any CPU
		{24CB6471-46C0-4456-99BF-472D550EB30A}.Release|Any CPU.Build.0 = Release|Any CPU
		{24CB6471-46C0-4456-99BF-472D550EB30A}.Release|x64.ActiveCfg = Release|Any CPU
		{24CB6471-46C0-4456-99BF-472D550EB30A}.Release|x86.ActiveCfg = Release|Any CPU
		{28F2EF9E-4AE9-4041-8DD7-E5E203560745}.Debug|ARM.ActiveCfg = Debug|Any CPU
		{28F2EF9E-4AE9-4041-8DD7-E5E203560745}.Debug|Any CPU.ActiveCfg = Debug|Any CPU
		{28F2EF9E-4AE9-4041-8DD7-E5E203560745}.Debug|Any CPU.Build.0 = Debug|Any CPU
		{28F2EF9E-4AE9-4041-8DD7-E5E203560745}.Debug|x64.ActiveCfg = Debug|Any CPU
		{28F2EF9E-4AE9-4041-8DD7-E5E203560745}.Debug|x86.ActiveCfg = Debug|Any CPU
		{28F2EF9E-4AE9-4041-8DD7-E5E203560745}.Release|ARM.ActiveCfg = Release|Any CPU
		{28F2EF9E-4AE9-4041-8DD7-E5E203560745}.Release|Any CPU.ActiveCfg = Release|Any CPU
		{28F2EF9E-4AE9-4041-8DD7-E5E203560745}.Release|Any CPU.Build.0 = Release|Any CPU
		{28F2EF9E-4AE9-4041-8DD7-E5E203560745}.Release|x64.ActiveCfg = Release|Any CPU
		{28F2EF9E-4AE9-4041-8DD7-E5E203560745}.Release|x86.ActiveCfg = Release|Any CPU
		{2E050EFF-0E23-4B0D-B322-24EAAD7C90DD}.Debug|ARM.ActiveCfg = Debug|Any CPU
		{2E050EFF-0E23-4B0D-B322-24EAAD7C90DD}.Debug|Any CPU.ActiveCfg = Debug|Any CPU
		{2E050EFF-0E23-4B0D-B322-24EAAD7C90DD}.Debug|Any CPU.Build.0 = Debug|Any CPU
		{2E050EFF-0E23-4B0D-B322-24EAAD7C90DD}.Debug|x64.ActiveCfg = Debug|Any CPU
		{2E050EFF-0E23-4B0D-B322-24EAAD7C90DD}.Debug|x86.ActiveCfg = Debug|Any CPU
		{2E050EFF-0E23-4B0D-B322-24EAAD7C90DD}.Release|ARM.ActiveCfg = Release|Any CPU
		{2E050EFF-0E23-4B0D-B322-24EAAD7C90DD}.Release|Any CPU.ActiveCfg = Release|Any CPU
		{2E050EFF-0E23-4B0D-B322-24EAAD7C90DD}.Release|Any CPU.Build.0 = Release|Any CPU
		{2E050EFF-0E23-4B0D-B322-24EAAD7C90DD}.Release|x64.ActiveCfg = Release|Any CPU
		{2E050EFF-0E23-4B0D-B322-24EAAD7C90DD}.Release|x86.ActiveCfg = Release|Any CPU
		{44A50CEB-680B-4CC3-9856-7D8D85A160E1}.Debug|ARM.ActiveCfg = Debug|Any CPU
		{44A50CEB-680B-4CC3-9856-7D8D85A160E1}.Debug|Any CPU.ActiveCfg = Debug|Any CPU
		{44A50CEB-680B-4CC3-9856-7D8D85A160E1}.Debug|Any CPU.Build.0 = Debug|Any CPU
		{44A50CEB-680B-4CC3-9856-7D8D85A160E1}.Debug|x64.ActiveCfg = Debug|Any CPU
		{44A50CEB-680B-4CC3-9856-7D8D85A160E1}.Debug|x86.ActiveCfg = Debug|Any CPU
		{44A50CEB-680B-4CC3-9856-7D8D85A160E1}.Release|ARM.ActiveCfg = Release|Any CPU
		{44A50CEB-680B-4CC3-9856-7D8D85A160E1}.Release|Any CPU.ActiveCfg = Release|Any CPU
		{44A50CEB-680B-4CC3-9856-7D8D85A160E1}.Release|Any CPU.Build.0 = Release|Any CPU
		{44A50CEB-680B-4CC3-9856-7D8D85A160E1}.Release|x64.ActiveCfg = Release|Any CPU
		{44A50CEB-680B-4CC3-9856-7D8D85A160E1}.Release|x86.ActiveCfg = Release|Any CPU
		{5E594E05-99F8-4230-A88C-1D28530B58BF}.Debug|ARM.ActiveCfg = Debug|Any CPU
		{5E594E05-99F8-4230-A88C-1D28530B58BF}.Debug|Any CPU.ActiveCfg = Debug|Any CPU
		{5E594E05-99F8-4230-A88C-1D28530B58BF}.Debug|Any CPU.Build.0 = Debug|Any CPU
		{5E594E05-99F8-4230-A88C-1D28530B58BF}.Debug|x64.ActiveCfg = Debug|Any CPU
		{5E594E05-99F8-4230-A88C-1D28530B58BF}.Debug|x86.ActiveCfg = Debug|Any CPU
		{5E594E05-99F8-4230-A88C-1D28530B58BF}.Release|ARM.ActiveCfg = Release|Any CPU
		{5E594E05-99F8-4230-A88C-1D28530B58BF}.Release|Any CPU.ActiveCfg = Release|Any CPU
		{5E594E05-99F8-4230-A88C-1D28530B58BF}.Release|Any CPU.Build.0 = Release|Any CPU
		{5E594E05-99F8-4230-A88C-1D28530B58BF}.Release|x64.ActiveCfg = Release|Any CPU
		{5E594E05-99F8-4230-A88C-1D28530B58BF}.Release|x86.ActiveCfg = Release|Any CPU
		{602B2163-C4A3-459B-954A-147922D39CC5}.Debug|ARM.ActiveCfg = Debug|Any CPU
		{602B2163-C4A3-459B-954A-147922D39CC5}.Debug|Any CPU.ActiveCfg = Debug|Any CPU
		{602B2163-C4A3-459B-954A-147922D39CC5}.Debug|Any CPU.Build.0 = Debug|Any CPU
		{602B2163-C4A3-459B-954A-147922D39CC5}.Debug|x64.ActiveCfg = Debug|Any CPU
		{602B2163-C4A3-459B-954A-147922D39CC5}.Debug|x86.ActiveCfg = Debug|Any CPU
		{602B2163-C4A3-459B-954A-147922D39CC5}.Release|ARM.ActiveCfg = Release|Any CPU
		{602B2163-C4A3-459B-954A-147922D39CC5}.Release|Any CPU.ActiveCfg = Release|Any CPU
		{602B2163-C4A3-459B-954A-147922D39CC5}.Release|Any CPU.Build.0 = Release|Any CPU
		{602B2163-C4A3-459B-954A-147922D39CC5}.Release|x64.ActiveCfg = Release|Any CPU
		{602B2163-C4A3-459B-954A-147922D39CC5}.Release|x86.ActiveCfg = Release|Any CPU
		{A3FE7C6E-8B59-4B06-A221-F45831D0E3A2}.Debug|ARM.ActiveCfg = Debug|Any CPU
		{A3FE7C6E-8B59-4B06-A221-F45831D0E3A2}.Debug|Any CPU.ActiveCfg = Debug|Any CPU
		{A3FE7C6E-8B59-4B06-A221-F45831D0E3A2}.Debug|Any CPU.Build.0 = Debug|Any CPU
		{A3FE7C6E-8B59-4B06-A221-F45831D0E3A2}.Debug|x64.ActiveCfg = Debug|Any CPU
		{A3FE7C6E-8B59-4B06-A221-F45831D0E3A2}.Debug|x86.ActiveCfg = Debug|Any CPU
		{A3FE7C6E-8B59-4B06-A221-F45831D0E3A2}.Release|ARM.ActiveCfg = Release|Any CPU
		{A3FE7C6E-8B59-4B06-A221-F45831D0E3A2}.Release|Any CPU.ActiveCfg = Release|Any CPU
		{A3FE7C6E-8B59-4B06-A221-F45831D0E3A2}.Release|Any CPU.Build.0 = Release|Any CPU
		{A3FE7C6E-8B59-4B06-A221-F45831D0E3A2}.Release|x64.ActiveCfg = Release|Any CPU
		{A3FE7C6E-8B59-4B06-A221-F45831D0E3A2}.Release|x86.ActiveCfg = Release|Any CPU
		{BFAE3D32-98AD-49AB-BE36-4FD51631C0B1}.Debug|ARM.ActiveCfg = Debug|Any CPU
		{BFAE3D32-98AD-49AB-BE36-4FD51631C0B1}.Debug|Any CPU.ActiveCfg = Debug|Any CPU
		{BFAE3D32-98AD-49AB-BE36-4FD51631C0B1}.Debug|Any CPU.Build.0 = Debug|Any CPU
		{BFAE3D32-98AD-49AB-BE36-4FD51631C0B1}.Debug|x64.ActiveCfg = Debug|Any CPU
		{BFAE3D32-98AD-49AB-BE36-4FD51631C0B1}.Debug|x86.ActiveCfg = Debug|Any CPU
		{BFAE3D32-98AD-49AB-BE36-4FD51631C0B1}.Release|ARM.ActiveCfg = Release|Any CPU
		{BFAE3D32-98AD-49AB-BE36-4FD51631C0B1}.Release|Any CPU.ActiveCfg = Release|Any CPU
		{BFAE3D32-98AD-49AB-BE36-4FD51631C0B1}.Release|Any CPU.Build.0 = Release|Any CPU
		{BFAE3D32-98AD-49AB-BE36-4FD51631C0B1}.Release|x64.ActiveCfg = Release|Any CPU
		{BFAE3D32-98AD-49AB-BE36-4FD51631C0B1}.Release|x86.ActiveCfg = Release|Any CPU
		{E0644C82-1C4F-4C7D-80C3-69439D7A7799}.Debug|ARM.ActiveCfg = Debug|Any CPU
		{E0644C82-1C4F-4C7D-80C3-69439D7A7799}.Debug|Any CPU.ActiveCfg = Debug|Any CPU
		{E0644C82-1C4F-4C7D-80C3-69439D7A7799}.Debug|Any CPU.Build.0 = Debug|Any CPU
		{E0644C82-1C4F-4C7D-80C3-69439D7A7799}.Debug|x64.ActiveCfg = Debug|Any CPU
		{E0644C82-1C4F-4C7D-80C3-69439D7A7799}.Debug|x86.ActiveCfg = Debug|Any CPU
		{E0644C82-1C4F-4C7D-80C3-69439D7A7799}.Release|ARM.ActiveCfg = Release|Any CPU
		{E0644C82-1C4F-4C7D-80C3-69439D7A7799}.Release|Any CPU.ActiveCfg = Release|Any CPU
		{E0644C82-1C4F-4C7D-80C3-69439D7A7799}.Release|Any CPU.Build.0 = Release|Any CPU
		{E0644C82-1C4F-4C7D-80C3-69439D7A7799}.Release|x64.ActiveCfg = Release|Any CPU
		{E0644C82-1C4F-4C7D-80C3-69439D7A7799}.Release|x86.ActiveCfg = Release|Any CPU
		{E706726A-A6B2-42F1-8502-C0F3AC04B0D5}.Debug|ARM.ActiveCfg = Debug|Any CPU
		{E706726A-A6B2-42F1-8502-C0F3AC04B0D5}.Debug|Any CPU.ActiveCfg = Debug|Any CPU
		{E706726A-A6B2-42F1-8502-C0F3AC04B0D5}.Debug|Any CPU.Build.0 = Debug|Any CPU
		{E706726A-A6B2-42F1-8502-C0F3AC04B0D5}.Debug|x64.ActiveCfg = Debug|Any CPU
		{E706726A-A6B2-42F1-8502-C0F3AC04B0D5}.Debug|x86.ActiveCfg = Debug|Any CPU
		{E706726A-A6B2-42F1-8502-C0F3AC04B0D5}.Release|ARM.ActiveCfg = Release|Any CPU
		{E706726A-A6B2-42F1-8502-C0F3AC04B0D5}.Release|Any CPU.ActiveCfg = Release|Any CPU
		{E706726A-A6B2-42F1-8502-C0F3AC04B0D5}.Release|Any CPU.Build.0 = Release|Any CPU
		{E706726A-A6B2-42F1-8502-C0F3AC04B0D5}.Release|x64.ActiveCfg = Release|Any CPU
		{E706726A-A6B2-42F1-8502-C0F3AC04B0D5}.Release|x86.ActiveCfg = Release|Any CPU
		{EBAA0901-6AAE-4833-B69A-813C65ACA010}.Debug|ARM.ActiveCfg = Debug|ARM
		{EBAA0901-6AAE-4833-B69A-813C65ACA010}.Debug|ARM.Build.0 = Debug|ARM
		{EBAA0901-6AAE-4833-B69A-813C65ACA010}.Debug|ARM.Deploy.0 = Debug|ARM
		{EBAA0901-6AAE-4833-B69A-813C65ACA010}.Debug|Any CPU.ActiveCfg = Debug|Any CPU
		{EBAA0901-6AAE-4833-B69A-813C65ACA010}.Debug|Any CPU.Build.0 = Debug|Any CPU
		{EBAA0901-6AAE-4833-B69A-813C65ACA010}.Debug|Any CPU.Deploy.0 = Debug|Any CPU
		{EBAA0901-6AAE-4833-B69A-813C65ACA010}.Debug|x64.ActiveCfg = Debug|x64
		{EBAA0901-6AAE-4833-B69A-813C65ACA010}.Debug|x64.Build.0 = Debug|x64
		{EBAA0901-6AAE-4833-B69A-813C65ACA010}.Debug|x64.Deploy.0 = Debug|x64
		{EBAA0901-6AAE-4833-B69A-813C65ACA010}.Debug|x86.ActiveCfg = Debug|x86
		{EBAA0901-6AAE-4833-B69A-813C65ACA010}.Debug|x86.Build.0 = Debug|x86
		{EBAA0901-6AAE-4833-B69A-813C65ACA010}.Debug|x86.Deploy.0 = Debug|x86
		{EBAA0901-6AAE-4833-B69A-813C65ACA010}.Release|ARM.ActiveCfg = Release|ARM
		{EBAA0901-6AAE-4833-B69A-813C65ACA010}.Release|ARM.Build.0 = Release|ARM
		{EBAA0901-6AAE-4833-B69A-813C65ACA010}.Release|ARM.Deploy.0 = Release|ARM
		{EBAA0901-6AAE-4833-B69A-813C65ACA010}.Release|Any CPU.ActiveCfg = Release|Any CPU
		{EBAA0901-6AAE-4833-B69A-813C65ACA010}.Release|Any CPU.Build.0 = Release|Any CPU
		{EBAA0901-6AAE-4833-B69A-813C65ACA010}.Release|Any CPU.Deploy.0 = Release|Any CPU
		{EBAA0901-6AAE-4833-B69A-813C65ACA010}.Release|x64.ActiveCfg = Release|x64
		{EBAA0901-6AAE-4833-B69A-813C65ACA010}.Release|x64.Build.0 = Release|x64
		{EBAA0901-6AAE-4833-B69A-813C65ACA010}.Release|x64.Deploy.0 = Release|x64
		{EBAA0901-6AAE-4833-B69A-813C65ACA010}.Release|x86.ActiveCfg = Release|x86
		{EBAA0901-6AAE-4833-B69A-813C65ACA010}.Release|x86.Build.0 = Release|x86
		{EBAA0901-6AAE-4833-B69A-813C65ACA010}.Release|x86.Deploy.0 = Release|x86
		{F8CBF723-174C-49DC-98ED-8947597621D4}.Debug|ARM.ActiveCfg = Debug|ARM
		{F8CBF723-174C-49DC-98ED-8947597621D4}.Debug|ARM.Build.0 = Debug|ARM
		{F8CBF723-174C-49DC-98ED-8947597621D4}.Debug|ARM.Deploy.0 = Debug|ARM
		{F8CBF723-174C-49DC-98ED-8947597621D4}.Debug|Any CPU.ActiveCfg = Debug|Any CPU
		{F8CBF723-174C-49DC-98ED-8947597621D4}.Debug|Any CPU.Build.0 = Debug|Any CPU
		{F8CBF723-174C-49DC-98ED-8947597621D4}.Debug|Any CPU.Deploy.0 = Debug|Any CPU
		{F8CBF723-174C-49DC-98ED-8947597621D4}.Debug|x64.ActiveCfg = Debug|x64
		{F8CBF723-174C-49DC-98ED-8947597621D4}.Debug|x64.Build.0 = Debug|x64
		{F8CBF723-174C-49DC-98ED-8947597621D4}.Debug|x64.Deploy.0 = Debug|x64
		{F8CBF723-174C-49DC-98ED-8947597621D4}.Debug|x86.ActiveCfg = Debug|x86
		{F8CBF723-174C-49DC-98ED-8947597621D4}.Debug|x86.Build.0 = Debug|x86
		{F8CBF723-174C-49DC-98ED-8947597621D4}.Debug|x86.Deploy.0 = Debug|x86
		{F8CBF723-174C-49DC-98ED-8947597621D4}.Release|ARM.ActiveCfg = Release|ARM
		{F8CBF723-174C-49DC-98ED-8947597621D4}.Release|ARM.Build.0 = Release|ARM
		{F8CBF723-174C-49DC-98ED-8947597621D4}.Release|ARM.Deploy.0 = Release|ARM
		{F8CBF723-174C-49DC-98ED-8947597621D4}.Release|Any CPU.ActiveCfg = Release|Any CPU
		{F8CBF723-174C-49DC-98ED-8947597621D4}.Release|Any CPU.Build.0 = Release|Any CPU
		{F8CBF723-174C-49DC-98ED-8947597621D4}.Release|Any CPU.Deploy.0 = Release|Any CPU
		{F8CBF723-174C-49DC-98ED-8947597621D4}.Release|x64.ActiveCfg = Release|x64
		{F8CBF723-174C-49DC-98ED-8947597621D4}.Release|x64.Build.0 = Release|x64
		{F8CBF723-174C-49DC-98ED-8947597621D4}.Release|x64.Deploy.0 = Release|x64
		{F8CBF723-174C-49DC-98ED-8947597621D4}.Release|x86.ActiveCfg = Release|x86
		{F8CBF723-174C-49DC-98ED-8947597621D4}.Release|x86.Build.0 = Release|x86
		{F8CBF723-174C-49DC-98ED-8947597621D4}.Release|x86.Deploy.0 = Release|x86
	EndGlobalSection
	GlobalSection(SolutionProperties) = preSolution
		HideSolutionNode = FALSE
	EndGlobalSection
	GlobalSection(NestedProjects) = preSolution
		{013AC5EB-3460-44D1-977A-888067D8EC50} = {500D368B-B610-4CFF-B05E-8AE7DBB37FF6}
		{24CB6471-46C0-4456-99BF-472D550EB30A} = {CC5C321F-717F-4A86-91AF-7821708C5812}
		{28F2EF9E-4AE9-4041-8DD7-E5E203560745} = {21935BC1-3D35-4200-96EB-182C12F3C673}
		{2E050EFF-0E23-4B0D-B322-24EAAD7C90DD} = {2F30D776-D8AA-43AF-BBA0-5C061666D1D7}
		{2F30D776-D8AA-43AF-BBA0-5C061666D1D7} = {CC5C321F-717F-4A86-91AF-7821708C5812}
		{44A50CEB-680B-4CC3-9856-7D8D85A160E1} = {500D368B-B610-4CFF-B05E-8AE7DBB37FF6}
		{48EE8CA5-0674-47A2-838E-2DBCECEB0693} = {448DE826-0F52-47E7-B778-85C80CE5EA8A}
		{500D368B-B610-4CFF-B05E-8AE7DBB37FF6} = {21935BC1-3D35-4200-96EB-182C12F3C673}
		{5E594E05-99F8-4230-A88C-1D28530B58BF} = {500D368B-B610-4CFF-B05E-8AE7DBB37FF6}
		{602B2163-C4A3-459B-954A-147922D39CC5} = {500D368B-B610-4CFF-B05E-8AE7DBB37FF6}
		{A3FE7C6E-8B59-4B06-A221-F45831D0E3A2} = {2F30D776-D8AA-43AF-BBA0-5C061666D1D7}
		{BFAE3D32-98AD-49AB-BE36-4FD51631C0B1} = {21935BC1-3D35-4200-96EB-182C12F3C673}
		{E0644C82-1C4F-4C7D-80C3-69439D7A7799} = {448DE826-0F52-47E7-B778-85C80CE5EA8A}
		{E706726A-A6B2-42F1-8502-C0F3AC04B0D5} = {21935BC1-3D35-4200-96EB-182C12F3C673}
		{EBAA0901-6AAE-4833-B69A-813C65ACA010} = {500D368B-B610-4CFF-B05E-8AE7DBB37FF6}
		{F8CBF723-174C-49DC-98ED-8947597621D4} = {48EE8CA5-0674-47A2-838E-2DBCECEB0693}
	EndGlobalSection
	GlobalSection(MonoDevelopProperties) = preSolution
		StartupItem = D:\GitHub\mono\mcs\class\System.Data\System.Data-net_4_0.csproj
	EndGlobalSection
EndGlobal
