
Microsoft Visual Studio Solution File, Format Version 12.00
# Visual Studio 2012
VisualStudioVersion = 12.0.30723.0
MinimumVisualStudioVersion = 10.0.40219.1
Project("{FAE04EC0-301F-11D3-BF4B-00C04F79EFBC}") = "ConsoleNuGetTest", "ConsoleNuGetTest\ConsoleNuGetTest.csproj", "{48899389-BCF6-466F-AA95-AD9C8B84B685}"
EndProject
Project("{FAE04EC0-301F-11D3-BF4B-00C04F79EFBC}") = "PortableNuGetTest", "PortableNuGetTest\PortableNuGetTest.csproj", "{1A952843-10CC-48D0-BDC5-4CFC0A74EED8}"
EndProject
Project("{FAE04EC0-301F-11D3-BF4B-00C04F79EFBC}") = "AndroidNuGetTest", "AndroidNuGetTest\AndroidNuGetTest.csproj", "{F94D4723-E468-4223-9AA6-159960E45AC4}"
EndProject
Project("{FAE04EC0-301F-11D3-BF4B-00C04F79EFBC}") = "iOSNuGetTest", "iOSNuGetTest\iOSNuGetTest.csproj", "{ED2634FF-3505-4E38-9208-62A9314075F6}"
EndProject
Project("{FAE04EC0-301F-11D3-BF4B-00C04F79EFBC}") = "StoreNuGetTest", "StoreNuGetTest\StoreNuGetTest.csproj", "{457CE643-81ED-4DA2-8BFB-7BAF09795B23}"
EndProject
Project("{FAE04EC0-301F-11D3-BF4B-00C04F79EFBC}") = "PhoneNuGetTest", "PhoneNuGetTest\PhoneNuGetTest.csproj", "{CEDDD510-08D5-4FA7-8B17-6B7D8E0D00BC}"
EndProject
Project("{FAE04EC0-301F-11D3-BF4B-00C04F79EFBC}") = "SilverlightNuGetTest", "SilverlightNuGetTest\SilverlightNuGetTest.csproj", "{3CBE3ED0-1B74-4B69-B126-3318793DA625}"
EndProject
Project("{FAE04EC0-301F-11D3-BF4B-00C04F79EFBC}") = "iOSUnifiedNuGetTest", "iOSUnifiedNuGetTest\iOSUnifiedNuGetTest.csproj", "{F0F07722-BE19-4EAA-A265-3C818C08C465}"
EndProject
Global
	GlobalSection(SolutionConfigurationPlatforms) = preSolution
		Ad-Hoc|Any CPU = Ad-Hoc|Any CPU
		Ad-Hoc|ARM = Ad-Hoc|ARM
		Ad-Hoc|iPhone = Ad-Hoc|iPhone
		Ad-Hoc|iPhoneSimulator = Ad-Hoc|iPhoneSimulator
		Ad-Hoc|Mixed Platforms = Ad-Hoc|Mixed Platforms
		Ad-Hoc|x64 = Ad-Hoc|x64
		Ad-Hoc|x86 = Ad-Hoc|x86
		AppStore|Any CPU = AppStore|Any CPU
		AppStore|ARM = AppStore|ARM
		AppStore|iPhone = AppStore|iPhone
		AppStore|iPhoneSimulator = AppStore|iPhoneSimulator
		AppStore|Mixed Platforms = AppStore|Mixed Platforms
		AppStore|x64 = AppStore|x64
		AppStore|x86 = AppStore|x86
		Debug|Any CPU = Debug|Any CPU
		Debug|ARM = Debug|ARM
		Debug|iPhone = Debug|iPhone
		Debug|iPhoneSimulator = Debug|iPhoneSimulator
		Debug|Mixed Platforms = Debug|Mixed Platforms
		Debug|x64 = Debug|x64
		Debug|x86 = Debug|x86
		Release|Any CPU = Release|Any CPU
		Release|ARM = Release|ARM
		Release|iPhone = Release|iPhone
		Release|iPhoneSimulator = Release|iPhoneSimulator
		Release|Mixed Platforms = Release|Mixed Platforms
		Release|x64 = Release|x64
		Release|x86 = Release|x86
	EndGlobalSection
	GlobalSection(ProjectConfigurationPlatforms) = postSolution
		{1A952843-10CC-48D0-BDC5-4CFC0A74EED8}.Ad-Hoc|Any CPU.ActiveCfg = Release|Any CPU
		{1A952843-10CC-48D0-BDC5-4CFC0A74EED8}.Ad-Hoc|Any CPU.Build.0 = Release|Any CPU
		{1A952843-10CC-48D0-BDC5-4CFC0A74EED8}.Ad-Hoc|ARM.ActiveCfg = Debug|Any CPU
		{1A952843-10CC-48D0-BDC5-4CFC0A74EED8}.Ad-Hoc|iPhone.ActiveCfg = Release|Any CPU
		{1A952843-10CC-48D0-BDC5-4CFC0A74EED8}.Ad-Hoc|iPhoneSimulator.ActiveCfg = Release|Any CPU
		{1A952843-10CC-48D0-BDC5-4CFC0A74EED8}.Ad-Hoc|Mixed Platforms.ActiveCfg = Release|Any CPU
		{1A952843-10CC-48D0-BDC5-4CFC0A74EED8}.Ad-Hoc|Mixed Platforms.Build.0 = Release|Any CPU
		{1A952843-10CC-48D0-BDC5-4CFC0A74EED8}.Ad-Hoc|x64.ActiveCfg = Debug|Any CPU
		{1A952843-10CC-48D0-BDC5-4CFC0A74EED8}.Ad-Hoc|x86.ActiveCfg = Debug|Any CPU
		{1A952843-10CC-48D0-BDC5-4CFC0A74EED8}.AppStore|Any CPU.ActiveCfg = Release|Any CPU
		{1A952843-10CC-48D0-BDC5-4CFC0A74EED8}.AppStore|Any CPU.Build.0 = Release|Any CPU
		{1A952843-10CC-48D0-BDC5-4CFC0A74EED8}.AppStore|ARM.ActiveCfg = Debug|Any CPU
		{1A952843-10CC-48D0-BDC5-4CFC0A74EED8}.AppStore|iPhone.ActiveCfg = Release|Any CPU
		{1A952843-10CC-48D0-BDC5-4CFC0A74EED8}.AppStore|iPhoneSimulator.ActiveCfg = Release|Any CPU
		{1A952843-10CC-48D0-BDC5-4CFC0A74EED8}.AppStore|Mixed Platforms.ActiveCfg = Release|Any CPU
		{1A952843-10CC-48D0-BDC5-4CFC0A74EED8}.AppStore|Mixed Platforms.Build.0 = Release|Any CPU
		{1A952843-10CC-48D0-BDC5-4CFC0A74EED8}.AppStore|x64.ActiveCfg = Debug|Any CPU
		{1A952843-10CC-48D0-BDC5-4CFC0A74EED8}.AppStore|x86.ActiveCfg = Debug|Any CPU
		{1A952843-10CC-48D0-BDC5-4CFC0A74EED8}.Debug|Any CPU.ActiveCfg = Debug|Any CPU
		{1A952843-10CC-48D0-BDC5-4CFC0A74EED8}.Debug|Any CPU.Build.0 = Debug|Any CPU
		{1A952843-10CC-48D0-BDC5-4CFC0A74EED8}.Debug|ARM.ActiveCfg = Debug|Any CPU
		{1A952843-10CC-48D0-BDC5-4CFC0A74EED8}.Debug|iPhone.ActiveCfg = Debug|Any CPU
		{1A952843-10CC-48D0-BDC5-4CFC0A74EED8}.Debug|iPhone.Build.0 = Debug|Any CPU
		{1A952843-10CC-48D0-BDC5-4CFC0A74EED8}.Debug|iPhoneSimulator.ActiveCfg = Debug|Any CPU
		{1A952843-10CC-48D0-BDC5-4CFC0A74EED8}.Debug|Mixed Platforms.ActiveCfg = Debug|Any CPU
		{1A952843-10CC-48D0-BDC5-4CFC0A74EED8}.Debug|Mixed Platforms.Build.0 = Debug|Any CPU
		{1A952843-10CC-48D0-BDC5-4CFC0A74EED8}.Debug|x64.ActiveCfg = Debug|Any CPU
		{1A952843-10CC-48D0-BDC5-4CFC0A74EED8}.Debug|x86.ActiveCfg = Debug|Any CPU
		{1A952843-10CC-48D0-BDC5-4CFC0A74EED8}.Release|Any CPU.ActiveCfg = Release|Any CPU
		{1A952843-10CC-48D0-BDC5-4CFC0A74EED8}.Release|Any CPU.Build.0 = Release|Any CPU
		{1A952843-10CC-48D0-BDC5-4CFC0A74EED8}.Release|ARM.ActiveCfg = Release|Any CPU
		{1A952843-10CC-48D0-BDC5-4CFC0A74EED8}.Release|iPhone.ActiveCfg = Release|Any CPU
		{1A952843-10CC-48D0-BDC5-4CFC0A74EED8}.Release|iPhoneSimulator.ActiveCfg = Release|Any CPU
		{1A952843-10CC-48D0-BDC5-4CFC0A74EED8}.Release|Mixed Platforms.ActiveCfg = Release|Any CPU
		{1A952843-10CC-48D0-BDC5-4CFC0A74EED8}.Release|Mixed Platforms.Build.0 = Release|Any CPU
		{1A952843-10CC-48D0-BDC5-4CFC0A74EED8}.Release|x64.ActiveCfg = Release|Any CPU
		{1A952843-10CC-48D0-BDC5-4CFC0A74EED8}.Release|x86.ActiveCfg = Release|Any CPU
		{3CBE3ED0-1B74-4B69-B126-3318793DA625}.Ad-Hoc|Any CPU.ActiveCfg = Release|Any CPU
		{3CBE3ED0-1B74-4B69-B126-3318793DA625}.Ad-Hoc|Any CPU.Build.0 = Release|Any CPU
		{3CBE3ED0-1B74-4B69-B126-3318793DA625}.Ad-Hoc|ARM.ActiveCfg = Release|Any CPU
		{3CBE3ED0-1B74-4B69-B126-3318793DA625}.Ad-Hoc|iPhone.ActiveCfg = Release|Any CPU
		{3CBE3ED0-1B74-4B69-B126-3318793DA625}.Ad-Hoc|iPhoneSimulator.ActiveCfg = Release|Any CPU
		{3CBE3ED0-1B74-4B69-B126-3318793DA625}.Ad-Hoc|Mixed Platforms.ActiveCfg = Release|Any CPU
		{3CBE3ED0-1B74-4B69-B126-3318793DA625}.Ad-Hoc|Mixed Platforms.Build.0 = Release|Any CPU
		{3CBE3ED0-1B74-4B69-B126-3318793DA625}.Ad-Hoc|x64.ActiveCfg = Release|Any CPU
		{3CBE3ED0-1B74-4B69-B126-3318793DA625}.Ad-Hoc|x86.ActiveCfg = Release|Any CPU
		{3CBE3ED0-1B74-4B69-B126-3318793DA625}.AppStore|Any CPU.ActiveCfg = Release|Any CPU
		{3CBE3ED0-1B74-4B69-B126-3318793DA625}.AppStore|Any CPU.Build.0 = Release|Any CPU
		{3CBE3ED0-1B74-4B69-B126-3318793DA625}.AppStore|ARM.ActiveCfg = Release|Any CPU
		{3CBE3ED0-1B74-4B69-B126-3318793DA625}.AppStore|iPhone.ActiveCfg = Release|Any CPU
		{3CBE3ED0-1B74-4B69-B126-3318793DA625}.AppStore|iPhoneSimulator.ActiveCfg = Release|Any CPU
		{3CBE3ED0-1B74-4B69-B126-3318793DA625}.AppStore|Mixed Platforms.ActiveCfg = Release|Any CPU
		{3CBE3ED0-1B74-4B69-B126-3318793DA625}.AppStore|Mixed Platforms.Build.0 = Release|Any CPU
		{3CBE3ED0-1B74-4B69-B126-3318793DA625}.AppStore|x64.ActiveCfg = Release|Any CPU
		{3CBE3ED0-1B74-4B69-B126-3318793DA625}.AppStore|x86.ActiveCfg = Release|Any CPU
		{3CBE3ED0-1B74-4B69-B126-3318793DA625}.Debug|Any CPU.ActiveCfg = Debug|Any CPU
		{3CBE3ED0-1B74-4B69-B126-3318793DA625}.Debug|Any CPU.Build.0 = Debug|Any CPU
		{3CBE3ED0-1B74-4B69-B126-3318793DA625}.Debug|ARM.ActiveCfg = Debug|Any CPU
		{3CBE3ED0-1B74-4B69-B126-3318793DA625}.Debug|iPhone.ActiveCfg = Debug|Any CPU
		{3CBE3ED0-1B74-4B69-B126-3318793DA625}.Debug|iPhoneSimulator.ActiveCfg = Debug|Any CPU
		{3CBE3ED0-1B74-4B69-B126-3318793DA625}.Debug|Mixed Platforms.ActiveCfg = Debug|Any CPU
		{3CBE3ED0-1B74-4B69-B126-3318793DA625}.Debug|Mixed Platforms.Build.0 = Debug|Any CPU
		{3CBE3ED0-1B74-4B69-B126-3318793DA625}.Debug|x64.ActiveCfg = Debug|Any CPU
		{3CBE3ED0-1B74-4B69-B126-3318793DA625}.Debug|x86.ActiveCfg = Debug|Any CPU
		{3CBE3ED0-1B74-4B69-B126-3318793DA625}.Release|Any CPU.ActiveCfg = Release|Any CPU
		{3CBE3ED0-1B74-4B69-B126-3318793DA625}.Release|Any CPU.Build.0 = Release|Any CPU
		{3CBE3ED0-1B74-4B69-B126-3318793DA625}.Release|ARM.ActiveCfg = Release|Any CPU
		{3CBE3ED0-1B74-4B69-B126-3318793DA625}.Release|iPhone.ActiveCfg = Release|Any CPU
		{3CBE3ED0-1B74-4B69-B126-3318793DA625}.Release|iPhoneSimulator.ActiveCfg = Release|Any CPU
		{3CBE3ED0-1B74-4B69-B126-3318793DA625}.Release|Mixed Platforms.ActiveCfg = Release|Any CPU
		{3CBE3ED0-1B74-4B69-B126-3318793DA625}.Release|Mixed Platforms.Build.0 = Release|Any CPU
		{3CBE3ED0-1B74-4B69-B126-3318793DA625}.Release|x64.ActiveCfg = Release|Any CPU
		{3CBE3ED0-1B74-4B69-B126-3318793DA625}.Release|x86.ActiveCfg = Release|Any CPU
		{457CE643-81ED-4DA2-8BFB-7BAF09795B23}.Ad-Hoc|Any CPU.ActiveCfg = Release|Any CPU
		{457CE643-81ED-4DA2-8BFB-7BAF09795B23}.Ad-Hoc|Any CPU.Build.0 = Release|Any CPU
		{457CE643-81ED-4DA2-8BFB-7BAF09795B23}.Ad-Hoc|Any CPU.Deploy.0 = Release|Any CPU
		{457CE643-81ED-4DA2-8BFB-7BAF09795B23}.Ad-Hoc|ARM.ActiveCfg = Release|ARM
		{457CE643-81ED-4DA2-8BFB-7BAF09795B23}.Ad-Hoc|ARM.Build.0 = Release|ARM
		{457CE643-81ED-4DA2-8BFB-7BAF09795B23}.Ad-Hoc|ARM.Deploy.0 = Release|ARM
		{457CE643-81ED-4DA2-8BFB-7BAF09795B23}.Ad-Hoc|iPhone.ActiveCfg = Release|Any CPU
		{457CE643-81ED-4DA2-8BFB-7BAF09795B23}.Ad-Hoc|iPhoneSimulator.ActiveCfg = Release|Any CPU
		{457CE643-81ED-4DA2-8BFB-7BAF09795B23}.Ad-Hoc|Mixed Platforms.ActiveCfg = Release|x86
		{457CE643-81ED-4DA2-8BFB-7BAF09795B23}.Ad-Hoc|Mixed Platforms.Build.0 = Release|x86
		{457CE643-81ED-4DA2-8BFB-7BAF09795B23}.Ad-Hoc|Mixed Platforms.Deploy.0 = Release|x86
		{457CE643-81ED-4DA2-8BFB-7BAF09795B23}.Ad-Hoc|x64.ActiveCfg = Release|x64
		{457CE643-81ED-4DA2-8BFB-7BAF09795B23}.Ad-Hoc|x64.Build.0 = Release|x64
		{457CE643-81ED-4DA2-8BFB-7BAF09795B23}.Ad-Hoc|x64.Deploy.0 = Release|x64
		{457CE643-81ED-4DA2-8BFB-7BAF09795B23}.Ad-Hoc|x86.ActiveCfg = Release|x86
		{457CE643-81ED-4DA2-8BFB-7BAF09795B23}.Ad-Hoc|x86.Build.0 = Release|x86
		{457CE643-81ED-4DA2-8BFB-7BAF09795B23}.Ad-Hoc|x86.Deploy.0 = Release|x86
		{457CE643-81ED-4DA2-8BFB-7BAF09795B23}.AppStore|Any CPU.ActiveCfg = Release|Any CPU
		{457CE643-81ED-4DA2-8BFB-7BAF09795B23}.AppStore|Any CPU.Build.0 = Release|Any CPU
		{457CE643-81ED-4DA2-8BFB-7BAF09795B23}.AppStore|Any CPU.Deploy.0 = Release|Any CPU
		{457CE643-81ED-4DA2-8BFB-7BAF09795B23}.AppStore|ARM.ActiveCfg = Release|ARM
		{457CE643-81ED-4DA2-8BFB-7BAF09795B23}.AppStore|ARM.Build.0 = Release|ARM
		{457CE643-81ED-4DA2-8BFB-7BAF09795B23}.AppStore|ARM.Deploy.0 = Release|ARM
		{457CE643-81ED-4DA2-8BFB-7BAF09795B23}.AppStore|iPhone.ActiveCfg = Release|Any CPU
		{457CE643-81ED-4DA2-8BFB-7BAF09795B23}.AppStore|iPhoneSimulator.ActiveCfg = Release|Any CPU
		{457CE643-81ED-4DA2-8BFB-7BAF09795B23}.AppStore|Mixed Platforms.ActiveCfg = Release|x86
		{457CE643-81ED-4DA2-8BFB-7BAF09795B23}.AppStore|Mixed Platforms.Build.0 = Release|x86
		{457CE643-81ED-4DA2-8BFB-7BAF09795B23}.AppStore|Mixed Platforms.Deploy.0 = Release|x86
		{457CE643-81ED-4DA2-8BFB-7BAF09795B23}.AppStore|x64.ActiveCfg = Release|x64
		{457CE643-81ED-4DA2-8BFB-7BAF09795B23}.AppStore|x64.Build.0 = Release|x64
		{457CE643-81ED-4DA2-8BFB-7BAF09795B23}.AppStore|x64.Deploy.0 = Release|x64
		{457CE643-81ED-4DA2-8BFB-7BAF09795B23}.AppStore|x86.ActiveCfg = Release|x86
		{457CE643-81ED-4DA2-8BFB-7BAF09795B23}.AppStore|x86.Build.0 = Release|x86
		{457CE643-81ED-4DA2-8BFB-7BAF09795B23}.AppStore|x86.Deploy.0 = Release|x86
		{457CE643-81ED-4DA2-8BFB-7BAF09795B23}.Debug|Any CPU.ActiveCfg = Debug|x86
		{457CE643-81ED-4DA2-8BFB-7BAF09795B23}.Debug|Any CPU.Build.0 = Debug|x86
		{457CE643-81ED-4DA2-8BFB-7BAF09795B23}.Debug|Any CPU.Deploy.0 = Debug|x86
		{457CE643-81ED-4DA2-8BFB-7BAF09795B23}.Debug|ARM.ActiveCfg = Debug|ARM
		{457CE643-81ED-4DA2-8BFB-7BAF09795B23}.Debug|ARM.Build.0 = Debug|ARM
		{457CE643-81ED-4DA2-8BFB-7BAF09795B23}.Debug|ARM.Deploy.0 = Debug|ARM
		{457CE643-81ED-4DA2-8BFB-7BAF09795B23}.Debug|iPhone.ActiveCfg = Debug|Any CPU
		{457CE643-81ED-4DA2-8BFB-7BAF09795B23}.Debug|iPhoneSimulator.ActiveCfg = Debug|Any CPU
		{457CE643-81ED-4DA2-8BFB-7BAF09795B23}.Debug|Mixed Platforms.ActiveCfg = Debug|x86
		{457CE643-81ED-4DA2-8BFB-7BAF09795B23}.Debug|Mixed Platforms.Build.0 = Debug|x86
		{457CE643-81ED-4DA2-8BFB-7BAF09795B23}.Debug|Mixed Platforms.Deploy.0 = Debug|x86
		{457CE643-81ED-4DA2-8BFB-7BAF09795B23}.Debug|x64.ActiveCfg = Debug|x64
		{457CE643-81ED-4DA2-8BFB-7BAF09795B23}.Debug|x64.Build.0 = Debug|x64
		{457CE643-81ED-4DA2-8BFB-7BAF09795B23}.Debug|x64.Deploy.0 = Debug|x64
		{457CE643-81ED-4DA2-8BFB-7BAF09795B23}.Debug|x86.ActiveCfg = Debug|x86
		{457CE643-81ED-4DA2-8BFB-7BAF09795B23}.Debug|x86.Build.0 = Debug|x86
		{457CE643-81ED-4DA2-8BFB-7BAF09795B23}.Debug|x86.Deploy.0 = Debug|x86
		{457CE643-81ED-4DA2-8BFB-7BAF09795B23}.Release|Any CPU.ActiveCfg = Release|Any CPU
		{457CE643-81ED-4DA2-8BFB-7BAF09795B23}.Release|Any CPU.Build.0 = Release|Any CPU
		{457CE643-81ED-4DA2-8BFB-7BAF09795B23}.Release|Any CPU.Deploy.0 = Release|Any CPU
		{457CE643-81ED-4DA2-8BFB-7BAF09795B23}.Release|ARM.ActiveCfg = Release|ARM
		{457CE643-81ED-4DA2-8BFB-7BAF09795B23}.Release|ARM.Build.0 = Release|ARM
		{457CE643-81ED-4DA2-8BFB-7BAF09795B23}.Release|ARM.Deploy.0 = Release|ARM
		{457CE643-81ED-4DA2-8BFB-7BAF09795B23}.Release|iPhone.ActiveCfg = Release|Any CPU
		{457CE643-81ED-4DA2-8BFB-7BAF09795B23}.Release|iPhoneSimulator.ActiveCfg = Release|Any CPU
		{457CE643-81ED-4DA2-8BFB-7BAF09795B23}.Release|Mixed Platforms.ActiveCfg = Release|x86
		{457CE643-81ED-4DA2-8BFB-7BAF09795B23}.Release|Mixed Platforms.Build.0 = Release|x86
		{457CE643-81ED-4DA2-8BFB-7BAF09795B23}.Release|Mixed Platforms.Deploy.0 = Release|x86
		{457CE643-81ED-4DA2-8BFB-7BAF09795B23}.Release|x64.ActiveCfg = Release|x64
		{457CE643-81ED-4DA2-8BFB-7BAF09795B23}.Release|x64.Build.0 = Release|x64
		{457CE643-81ED-4DA2-8BFB-7BAF09795B23}.Release|x64.Deploy.0 = Release|x64
		{457CE643-81ED-4DA2-8BFB-7BAF09795B23}.Release|x86.ActiveCfg = Release|x86
		{457CE643-81ED-4DA2-8BFB-7BAF09795B23}.Release|x86.Build.0 = Release|x86
		{457CE643-81ED-4DA2-8BFB-7BAF09795B23}.Release|x86.Deploy.0 = Release|x86
		{48899389-BCF6-466F-AA95-AD9C8B84B685}.Ad-Hoc|Any CPU.ActiveCfg = Release|Any CPU
		{48899389-BCF6-466F-AA95-AD9C8B84B685}.Ad-Hoc|Any CPU.Build.0 = Release|Any CPU
		{48899389-BCF6-466F-AA95-AD9C8B84B685}.Ad-Hoc|ARM.ActiveCfg = Debug|Any CPU
		{48899389-BCF6-466F-AA95-AD9C8B84B685}.Ad-Hoc|iPhone.ActiveCfg = Release|Any CPU
		{48899389-BCF6-466F-AA95-AD9C8B84B685}.Ad-Hoc|iPhoneSimulator.ActiveCfg = Release|Any CPU
		{48899389-BCF6-466F-AA95-AD9C8B84B685}.Ad-Hoc|Mixed Platforms.ActiveCfg = Release|Any CPU
		{48899389-BCF6-466F-AA95-AD9C8B84B685}.Ad-Hoc|Mixed Platforms.Build.0 = Release|Any CPU
		{48899389-BCF6-466F-AA95-AD9C8B84B685}.Ad-Hoc|x64.ActiveCfg = Debug|Any CPU
		{48899389-BCF6-466F-AA95-AD9C8B84B685}.Ad-Hoc|x86.ActiveCfg = Debug|Any CPU
		{48899389-BCF6-466F-AA95-AD9C8B84B685}.AppStore|Any CPU.ActiveCfg = Release|Any CPU
		{48899389-BCF6-466F-AA95-AD9C8B84B685}.AppStore|Any CPU.Build.0 = Release|Any CPU
		{48899389-BCF6-466F-AA95-AD9C8B84B685}.AppStore|ARM.ActiveCfg = Debug|Any CPU
		{48899389-BCF6-466F-AA95-AD9C8B84B685}.AppStore|iPhone.ActiveCfg = Release|Any CPU
		{48899389-BCF6-466F-AA95-AD9C8B84B685}.AppStore|iPhoneSimulator.ActiveCfg = Release|Any CPU
		{48899389-BCF6-466F-AA95-AD9C8B84B685}.AppStore|Mixed Platforms.ActiveCfg = Release|Any CPU
		{48899389-BCF6-466F-AA95-AD9C8B84B685}.AppStore|Mixed Platforms.Build.0 = Release|Any CPU
		{48899389-BCF6-466F-AA95-AD9C8B84B685}.AppStore|x64.ActiveCfg = Debug|Any CPU
		{48899389-BCF6-466F-AA95-AD9C8B84B685}.AppStore|x86.ActiveCfg = Debug|Any CPU
		{48899389-BCF6-466F-AA95-AD9C8B84B685}.Debug|Any CPU.ActiveCfg = Debug|Any CPU
		{48899389-BCF6-466F-AA95-AD9C8B84B685}.Debug|Any CPU.Build.0 = Debug|Any CPU
		{48899389-BCF6-466F-AA95-AD9C8B84B685}.Debug|ARM.ActiveCfg = Debug|Any CPU
		{48899389-BCF6-466F-AA95-AD9C8B84B685}.Debug|iPhone.ActiveCfg = Debug|Any CPU
		{48899389-BCF6-466F-AA95-AD9C8B84B685}.Debug|iPhoneSimulator.ActiveCfg = Debug|Any CPU
		{48899389-BCF6-466F-AA95-AD9C8B84B685}.Debug|Mixed Platforms.ActiveCfg = Debug|Any CPU
		{48899389-BCF6-466F-AA95-AD9C8B84B685}.Debug|Mixed Platforms.Build.0 = Debug|Any CPU
		{48899389-BCF6-466F-AA95-AD9C8B84B685}.Debug|x64.ActiveCfg = Debug|Any CPU
		{48899389-BCF6-466F-AA95-AD9C8B84B685}.Debug|x86.ActiveCfg = Debug|Any CPU
		{48899389-BCF6-466F-AA95-AD9C8B84B685}.Release|Any CPU.ActiveCfg = Release|Any CPU
		{48899389-BCF6-466F-AA95-AD9C8B84B685}.Release|Any CPU.Build.0 = Release|Any CPU
		{48899389-BCF6-466F-AA95-AD9C8B84B685}.Release|ARM.ActiveCfg = Release|Any CPU
		{48899389-BCF6-466F-AA95-AD9C8B84B685}.Release|iPhone.ActiveCfg = Release|Any CPU
		{48899389-BCF6-466F-AA95-AD9C8B84B685}.Release|iPhoneSimulator.ActiveCfg = Release|Any CPU
		{48899389-BCF6-466F-AA95-AD9C8B84B685}.Release|Mixed Platforms.ActiveCfg = Release|Any CPU
		{48899389-BCF6-466F-AA95-AD9C8B84B685}.Release|Mixed Platforms.Build.0 = Release|Any CPU
		{48899389-BCF6-466F-AA95-AD9C8B84B685}.Release|x64.ActiveCfg = Release|Any CPU
		{48899389-BCF6-466F-AA95-AD9C8B84B685}.Release|x86.ActiveCfg = Release|Any CPU
		{CEDDD510-08D5-4FA7-8B17-6B7D8E0D00BC}.Ad-Hoc|Any CPU.ActiveCfg = Release|Any CPU
		{CEDDD510-08D5-4FA7-8B17-6B7D8E0D00BC}.Ad-Hoc|Any CPU.Build.0 = Release|Any CPU
		{CEDDD510-08D5-4FA7-8B17-6B7D8E0D00BC}.Ad-Hoc|Any CPU.Deploy.0 = Release|Any CPU
		{CEDDD510-08D5-4FA7-8B17-6B7D8E0D00BC}.Ad-Hoc|ARM.ActiveCfg = Release|ARM
		{CEDDD510-08D5-4FA7-8B17-6B7D8E0D00BC}.Ad-Hoc|ARM.Build.0 = Release|ARM
		{CEDDD510-08D5-4FA7-8B17-6B7D8E0D00BC}.Ad-Hoc|ARM.Deploy.0 = Release|ARM
		{CEDDD510-08D5-4FA7-8B17-6B7D8E0D00BC}.Ad-Hoc|iPhone.ActiveCfg = Release|Any CPU
		{CEDDD510-08D5-4FA7-8B17-6B7D8E0D00BC}.Ad-Hoc|iPhoneSimulator.ActiveCfg = Release|Any CPU
		{CEDDD510-08D5-4FA7-8B17-6B7D8E0D00BC}.Ad-Hoc|Mixed Platforms.ActiveCfg = Release|x86
		{CEDDD510-08D5-4FA7-8B17-6B7D8E0D00BC}.Ad-Hoc|Mixed Platforms.Build.0 = Release|x86
		{CEDDD510-08D5-4FA7-8B17-6B7D8E0D00BC}.Ad-Hoc|Mixed Platforms.Deploy.0 = Release|x86
		{CEDDD510-08D5-4FA7-8B17-6B7D8E0D00BC}.Ad-Hoc|x64.ActiveCfg = Release|Any CPU
		{CEDDD510-08D5-4FA7-8B17-6B7D8E0D00BC}.Ad-Hoc|x86.ActiveCfg = Release|x86
		{CEDDD510-08D5-4FA7-8B17-6B7D8E0D00BC}.Ad-Hoc|x86.Build.0 = Release|x86
		{CEDDD510-08D5-4FA7-8B17-6B7D8E0D00BC}.Ad-Hoc|x86.Deploy.0 = Release|x86
		{CEDDD510-08D5-4FA7-8B17-6B7D8E0D00BC}.AppStore|Any CPU.ActiveCfg = Release|Any CPU
		{CEDDD510-08D5-4FA7-8B17-6B7D8E0D00BC}.AppStore|Any CPU.Build.0 = Release|Any CPU
		{CEDDD510-08D5-4FA7-8B17-6B7D8E0D00BC}.AppStore|Any CPU.Deploy.0 = Release|Any CPU
		{CEDDD510-08D5-4FA7-8B17-6B7D8E0D00BC}.AppStore|ARM.ActiveCfg = Release|ARM
		{CEDDD510-08D5-4FA7-8B17-6B7D8E0D00BC}.AppStore|ARM.Build.0 = Release|ARM
		{CEDDD510-08D5-4FA7-8B17-6B7D8E0D00BC}.AppStore|ARM.Deploy.0 = Release|ARM
		{CEDDD510-08D5-4FA7-8B17-6B7D8E0D00BC}.AppStore|iPhone.ActiveCfg = Release|Any CPU
		{CEDDD510-08D5-4FA7-8B17-6B7D8E0D00BC}.AppStore|iPhoneSimulator.ActiveCfg = Release|Any CPU
		{CEDDD510-08D5-4FA7-8B17-6B7D8E0D00BC}.AppStore|Mixed Platforms.ActiveCfg = Release|x86
		{CEDDD510-08D5-4FA7-8B17-6B7D8E0D00BC}.AppStore|Mixed Platforms.Build.0 = Release|x86
		{CEDDD510-08D5-4FA7-8B17-6B7D8E0D00BC}.AppStore|Mixed Platforms.Deploy.0 = Release|x86
		{CEDDD510-08D5-4FA7-8B17-6B7D8E0D00BC}.AppStore|x64.ActiveCfg = Release|Any CPU
		{CEDDD510-08D5-4FA7-8B17-6B7D8E0D00BC}.AppStore|x86.ActiveCfg = Release|x86
		{CEDDD510-08D5-4FA7-8B17-6B7D8E0D00BC}.AppStore|x86.Build.0 = Release|x86
		{CEDDD510-08D5-4FA7-8B17-6B7D8E0D00BC}.AppStore|x86.Deploy.0 = Release|x86
		{CEDDD510-08D5-4FA7-8B17-6B7D8E0D00BC}.Debug|Any CPU.ActiveCfg = Debug|ARM
		{CEDDD510-08D5-4FA7-8B17-6B7D8E0D00BC}.Debug|Any CPU.Build.0 = Debug|ARM
		{CEDDD510-08D5-4FA7-8B17-6B7D8E0D00BC}.Debug|Any CPU.Deploy.0 = Debug|ARM
		{CEDDD510-08D5-4FA7-8B17-6B7D8E0D00BC}.Debug|ARM.ActiveCfg = Debug|ARM
		{CEDDD510-08D5-4FA7-8B17-6B7D8E0D00BC}.Debug|ARM.Build.0 = Debug|ARM
		{CEDDD510-08D5-4FA7-8B17-6B7D8E0D00BC}.Debug|ARM.Deploy.0 = Debug|ARM
		{CEDDD510-08D5-4FA7-8B17-6B7D8E0D00BC}.Debug|iPhone.ActiveCfg = Debug|Any CPU
		{CEDDD510-08D5-4FA7-8B17-6B7D8E0D00BC}.Debug|iPhoneSimulator.ActiveCfg = Debug|Any CPU
		{CEDDD510-08D5-4FA7-8B17-6B7D8E0D00BC}.Debug|Mixed Platforms.ActiveCfg = Debug|ARM
		{CEDDD510-08D5-4FA7-8B17-6B7D8E0D00BC}.Debug|Mixed Platforms.Build.0 = Debug|ARM
		{CEDDD510-08D5-4FA7-8B17-6B7D8E0D00BC}.Debug|Mixed Platforms.Deploy.0 = Debug|ARM
		{CEDDD510-08D5-4FA7-8B17-6B7D8E0D00BC}.Debug|x64.ActiveCfg = Debug|Any CPU
		{CEDDD510-08D5-4FA7-8B17-6B7D8E0D00BC}.Debug|x86.ActiveCfg = Debug|x86
		{CEDDD510-08D5-4FA7-8B17-6B7D8E0D00BC}.Debug|x86.Build.0 = Debug|x86
		{CEDDD510-08D5-4FA7-8B17-6B7D8E0D00BC}.Debug|x86.Deploy.0 = Debug|x86
		{CEDDD510-08D5-4FA7-8B17-6B7D8E0D00BC}.Release|Any CPU.ActiveCfg = Release|Any CPU
		{CEDDD510-08D5-4FA7-8B17-6B7D8E0D00BC}.Release|Any CPU.Build.0 = Release|Any CPU
		{CEDDD510-08D5-4FA7-8B17-6B7D8E0D00BC}.Release|Any CPU.Deploy.0 = Release|Any CPU
		{CEDDD510-08D5-4FA7-8B17-6B7D8E0D00BC}.Release|ARM.ActiveCfg = Release|ARM
		{CEDDD510-08D5-4FA7-8B17-6B7D8E0D00BC}.Release|ARM.Build.0 = Release|ARM
		{CEDDD510-08D5-4FA7-8B17-6B7D8E0D00BC}.Release|ARM.Deploy.0 = Release|ARM
		{CEDDD510-08D5-4FA7-8B17-6B7D8E0D00BC}.Release|iPhone.ActiveCfg = Release|Any CPU
		{CEDDD510-08D5-4FA7-8B17-6B7D8E0D00BC}.Release|iPhoneSimulator.ActiveCfg = Release|Any CPU
		{CEDDD510-08D5-4FA7-8B17-6B7D8E0D00BC}.Release|Mixed Platforms.ActiveCfg = Release|x86
		{CEDDD510-08D5-4FA7-8B17-6B7D8E0D00BC}.Release|Mixed Platforms.Build.0 = Release|x86
		{CEDDD510-08D5-4FA7-8B17-6B7D8E0D00BC}.Release|Mixed Platforms.Deploy.0 = Release|x86
		{CEDDD510-08D5-4FA7-8B17-6B7D8E0D00BC}.Release|x64.ActiveCfg = Release|Any CPU
		{CEDDD510-08D5-4FA7-8B17-6B7D8E0D00BC}.Release|x86.ActiveCfg = Release|x86
		{CEDDD510-08D5-4FA7-8B17-6B7D8E0D00BC}.Release|x86.Build.0 = Release|x86
		{CEDDD510-08D5-4FA7-8B17-6B7D8E0D00BC}.Release|x86.Deploy.0 = Release|x86
		{ED2634FF-3505-4E38-9208-62A9314075F6}.Ad-Hoc|Any CPU.ActiveCfg = Ad-Hoc|iPhone
		{ED2634FF-3505-4E38-9208-62A9314075F6}.Ad-Hoc|ARM.ActiveCfg = Ad-Hoc|iPhoneSimulator
		{ED2634FF-3505-4E38-9208-62A9314075F6}.Ad-Hoc|iPhone.ActiveCfg = Ad-Hoc|iPhone
		{ED2634FF-3505-4E38-9208-62A9314075F6}.Ad-Hoc|iPhone.Build.0 = Ad-Hoc|iPhone
		{ED2634FF-3505-4E38-9208-62A9314075F6}.Ad-Hoc|iPhone.Deploy.0 = Ad-Hoc|iPhone
		{ED2634FF-3505-4E38-9208-62A9314075F6}.Ad-Hoc|iPhoneSimulator.ActiveCfg = Ad-Hoc|iPhoneSimulator
		{ED2634FF-3505-4E38-9208-62A9314075F6}.Ad-Hoc|iPhoneSimulator.Build.0 = Ad-Hoc|iPhoneSimulator
		{ED2634FF-3505-4E38-9208-62A9314075F6}.Ad-Hoc|iPhoneSimulator.Deploy.0 = Ad-Hoc|iPhoneSimulator
		{ED2634FF-3505-4E38-9208-62A9314075F6}.Ad-Hoc|Mixed Platforms.ActiveCfg = Ad-Hoc|iPhone
		{ED2634FF-3505-4E38-9208-62A9314075F6}.Ad-Hoc|Mixed Platforms.Build.0 = Ad-Hoc|iPhone
		{ED2634FF-3505-4E38-9208-62A9314075F6}.Ad-Hoc|Mixed Platforms.Deploy.0 = Ad-Hoc|iPhone
		{ED2634FF-3505-4E38-9208-62A9314075F6}.Ad-Hoc|x64.ActiveCfg = Ad-Hoc|iPhoneSimulator
		{ED2634FF-3505-4E38-9208-62A9314075F6}.Ad-Hoc|x86.ActiveCfg = Ad-Hoc|iPhoneSimulator
		{ED2634FF-3505-4E38-9208-62A9314075F6}.AppStore|Any CPU.ActiveCfg = AppStore|iPhone
		{ED2634FF-3505-4E38-9208-62A9314075F6}.AppStore|ARM.ActiveCfg = AppStore|iPhoneSimulator
		{ED2634FF-3505-4E38-9208-62A9314075F6}.AppStore|iPhone.ActiveCfg = AppStore|iPhone
		{ED2634FF-3505-4E38-9208-62A9314075F6}.AppStore|iPhone.Build.0 = AppStore|iPhone
		{ED2634FF-3505-4E38-9208-62A9314075F6}.AppStore|iPhone.Deploy.0 = AppStore|iPhone
		{ED2634FF-3505-4E38-9208-62A9314075F6}.AppStore|iPhoneSimulator.ActiveCfg = AppStore|iPhoneSimulator
		{ED2634FF-3505-4E38-9208-62A9314075F6}.AppStore|iPhoneSimulator.Build.0 = AppStore|iPhoneSimulator
		{ED2634FF-3505-4E38-9208-62A9314075F6}.AppStore|iPhoneSimulator.Deploy.0 = AppStore|iPhoneSimulator
		{ED2634FF-3505-4E38-9208-62A9314075F6}.AppStore|Mixed Platforms.ActiveCfg = AppStore|iPhone
		{ED2634FF-3505-4E38-9208-62A9314075F6}.AppStore|Mixed Platforms.Build.0 = AppStore|iPhone
		{ED2634FF-3505-4E38-9208-62A9314075F6}.AppStore|Mixed Platforms.Deploy.0 = AppStore|iPhone
		{ED2634FF-3505-4E38-9208-62A9314075F6}.AppStore|x64.ActiveCfg = AppStore|iPhoneSimulator
		{ED2634FF-3505-4E38-9208-62A9314075F6}.AppStore|x86.ActiveCfg = AppStore|iPhoneSimulator
		{ED2634FF-3505-4E38-9208-62A9314075F6}.Debug|Any CPU.ActiveCfg = Debug|iPhone
		{ED2634FF-3505-4E38-9208-62A9314075F6}.Debug|Any CPU.Build.0 = Debug|iPhone
		{ED2634FF-3505-4E38-9208-62A9314075F6}.Debug|Any CPU.Deploy.0 = Debug|iPhone
		{ED2634FF-3505-4E38-9208-62A9314075F6}.Debug|ARM.ActiveCfg = Debug|iPhoneSimulator
		{ED2634FF-3505-4E38-9208-62A9314075F6}.Debug|iPhone.ActiveCfg = Debug|iPhone
		{ED2634FF-3505-4E38-9208-62A9314075F6}.Debug|iPhone.Build.0 = Debug|iPhone
		{ED2634FF-3505-4E38-9208-62A9314075F6}.Debug|iPhone.Deploy.0 = Debug|iPhone
		{ED2634FF-3505-4E38-9208-62A9314075F6}.Debug|iPhoneSimulator.ActiveCfg = Debug|iPhoneSimulator
		{ED2634FF-3505-4E38-9208-62A9314075F6}.Debug|iPhoneSimulator.Build.0 = Debug|iPhoneSimulator
		{ED2634FF-3505-4E38-9208-62A9314075F6}.Debug|iPhoneSimulator.Deploy.0 = Debug|iPhoneSimulator
		{ED2634FF-3505-4E38-9208-62A9314075F6}.Debug|Mixed Platforms.ActiveCfg = Debug|iPhone
		{ED2634FF-3505-4E38-9208-62A9314075F6}.Debug|Mixed Platforms.Build.0 = Debug|iPhone
		{ED2634FF-3505-4E38-9208-62A9314075F6}.Debug|Mixed Platforms.Deploy.0 = Debug|iPhone
		{ED2634FF-3505-4E38-9208-62A9314075F6}.Debug|x64.ActiveCfg = Debug|iPhoneSimulator
		{ED2634FF-3505-4E38-9208-62A9314075F6}.Debug|x86.ActiveCfg = Debug|iPhoneSimulator
		{ED2634FF-3505-4E38-9208-62A9314075F6}.Release|Any CPU.ActiveCfg = Release|iPhone
		{ED2634FF-3505-4E38-9208-62A9314075F6}.Release|ARM.ActiveCfg = Release|iPhoneSimulator
		{ED2634FF-3505-4E38-9208-62A9314075F6}.Release|iPhone.ActiveCfg = Release|iPhone
		{ED2634FF-3505-4E38-9208-62A9314075F6}.Release|iPhone.Build.0 = Release|iPhone
		{ED2634FF-3505-4E38-9208-62A9314075F6}.Release|iPhone.Deploy.0 = Release|iPhone
		{ED2634FF-3505-4E38-9208-62A9314075F6}.Release|iPhoneSimulator.ActiveCfg = Release|iPhoneSimulator
		{ED2634FF-3505-4E38-9208-62A9314075F6}.Release|iPhoneSimulator.Build.0 = Release|iPhoneSimulator
		{ED2634FF-3505-4E38-9208-62A9314075F6}.Release|iPhoneSimulator.Deploy.0 = Release|iPhoneSimulator
		{ED2634FF-3505-4E38-9208-62A9314075F6}.Release|Mixed Platforms.ActiveCfg = Release|iPhone
		{ED2634FF-3505-4E38-9208-62A9314075F6}.Release|Mixed Platforms.Build.0 = Release|iPhone
		{ED2634FF-3505-4E38-9208-62A9314075F6}.Release|Mixed Platforms.Deploy.0 = Release|iPhone
		{ED2634FF-3505-4E38-9208-62A9314075F6}.Release|x64.ActiveCfg = Release|iPhoneSimulator
		{ED2634FF-3505-4E38-9208-62A9314075F6}.Release|x86.ActiveCfg = Release|iPhoneSimulator
		{F0F07722-BE19-4EAA-A265-3C818C08C465}.Ad-Hoc|Any CPU.ActiveCfg = Ad-Hoc|iPhone
		{F0F07722-BE19-4EAA-A265-3C818C08C465}.Ad-Hoc|ARM.ActiveCfg = Ad-Hoc|iPhone
		{F0F07722-BE19-4EAA-A265-3C818C08C465}.Ad-Hoc|iPhone.ActiveCfg = Ad-Hoc|iPhone
		{F0F07722-BE19-4EAA-A265-3C818C08C465}.Ad-Hoc|iPhone.Build.0 = Ad-Hoc|iPhone
		{F0F07722-BE19-4EAA-A265-3C818C08C465}.Ad-Hoc|iPhoneSimulator.ActiveCfg = Ad-Hoc|iPhoneSimulator
		{F0F07722-BE19-4EAA-A265-3C818C08C465}.Ad-Hoc|iPhoneSimulator.Build.0 = Ad-Hoc|iPhoneSimulator
		{F0F07722-BE19-4EAA-A265-3C818C08C465}.Ad-Hoc|Mixed Platforms.ActiveCfg = Ad-Hoc|iPhone
		{F0F07722-BE19-4EAA-A265-3C818C08C465}.Ad-Hoc|Mixed Platforms.Build.0 = Ad-Hoc|iPhone
		{F0F07722-BE19-4EAA-A265-3C818C08C465}.Ad-Hoc|x64.ActiveCfg = Ad-Hoc|iPhone
		{F0F07722-BE19-4EAA-A265-3C818C08C465}.Ad-Hoc|x86.ActiveCfg = Ad-Hoc|iPhone
		{F0F07722-BE19-4EAA-A265-3C818C08C465}.AppStore|Any CPU.ActiveCfg = AppStore|iPhone
		{F0F07722-BE19-4EAA-A265-3C818C08C465}.AppStore|ARM.ActiveCfg = AppStore|iPhone
		{F0F07722-BE19-4EAA-A265-3C818C08C465}.AppStore|iPhone.ActiveCfg = AppStore|iPhone
		{F0F07722-BE19-4EAA-A265-3C818C08C465}.AppStore|iPhone.Build.0 = AppStore|iPhone
		{F0F07722-BE19-4EAA-A265-3C818C08C465}.AppStore|iPhoneSimulator.ActiveCfg = AppStore|iPhoneSimulator
		{F0F07722-BE19-4EAA-A265-3C818C08C465}.AppStore|iPhoneSimulator.Build.0 = AppStore|iPhoneSimulator
		{F0F07722-BE19-4EAA-A265-3C818C08C465}.AppStore|Mixed Platforms.ActiveCfg = AppStore|iPhone
		{F0F07722-BE19-4EAA-A265-3C818C08C465}.AppStore|Mixed Platforms.Build.0 = AppStore|iPhone
		{F0F07722-BE19-4EAA-A265-3C818C08C465}.AppStore|x64.ActiveCfg = AppStore|iPhone
		{F0F07722-BE19-4EAA-A265-3C818C08C465}.AppStore|x86.ActiveCfg = AppStore|iPhone
		{F0F07722-BE19-4EAA-A265-3C818C08C465}.Debug|Any CPU.ActiveCfg = Debug|iPhone
		{F0F07722-BE19-4EAA-A265-3C818C08C465}.Debug|ARM.ActiveCfg = Debug|iPhone
		{F0F07722-BE19-4EAA-A265-3C818C08C465}.Debug|iPhone.ActiveCfg = Debug|iPhone
		{F0F07722-BE19-4EAA-A265-3C818C08C465}.Debug|iPhone.Build.0 = Debug|iPhone
		{F0F07722-BE19-4EAA-A265-3C818C08C465}.Debug|iPhoneSimulator.ActiveCfg = Debug|iPhoneSimulator
		{F0F07722-BE19-4EAA-A265-3C818C08C465}.Debug|iPhoneSimulator.Build.0 = Debug|iPhoneSimulator
		{F0F07722-BE19-4EAA-A265-3C818C08C465}.Debug|Mixed Platforms.ActiveCfg = Debug|iPhone
		{F0F07722-BE19-4EAA-A265-3C818C08C465}.Debug|Mixed Platforms.Build.0 = Debug|iPhone
		{F0F07722-BE19-4EAA-A265-3C818C08C465}.Debug|x64.ActiveCfg = Debug|iPhone
		{F0F07722-BE19-4EAA-A265-3C818C08C465}.Debug|x86.ActiveCfg = Debug|iPhone
		{F0F07722-BE19-4EAA-A265-3C818C08C465}.Release|Any CPU.ActiveCfg = Release|iPhone
		{F0F07722-BE19-4EAA-A265-3C818C08C465}.Release|ARM.ActiveCfg = Release|iPhone
		{F0F07722-BE19-4EAA-A265-3C818C08C465}.Release|iPhone.ActiveCfg = Release|iPhone
		{F0F07722-BE19-4EAA-A265-3C818C08C465}.Release|iPhone.Build.0 = Release|iPhone
		{F0F07722-BE19-4EAA-A265-3C818C08C465}.Release|iPhoneSimulator.ActiveCfg = Release|iPhoneSimulator
		{F0F07722-BE19-4EAA-A265-3C818C08C465}.Release|iPhoneSimulator.Build.0 = Release|iPhoneSimulator
		{F0F07722-BE19-4EAA-A265-3C818C08C465}.Release|Mixed Platforms.ActiveCfg = Release|iPhone
		{F0F07722-BE19-4EAA-A265-3C818C08C465}.Release|Mixed Platforms.Build.0 = Release|iPhone
		{F0F07722-BE19-4EAA-A265-3C818C08C465}.Release|x64.ActiveCfg = Release|iPhone
		{F0F07722-BE19-4EAA-A265-3C818C08C465}.Release|x86.ActiveCfg = Release|iPhone
		{F94D4723-E468-4223-9AA6-159960E45AC4}.Ad-Hoc|Any CPU.ActiveCfg = Release|Any CPU
		{F94D4723-E468-4223-9AA6-159960E45AC4}.Ad-Hoc|Any CPU.Build.0 = Release|Any CPU
		{F94D4723-E468-4223-9AA6-159960E45AC4}.Ad-Hoc|Any CPU.Deploy.0 = Release|Any CPU
		{F94D4723-E468-4223-9AA6-159960E45AC4}.Ad-Hoc|ARM.ActiveCfg = Debug|Any CPU
		{F94D4723-E468-4223-9AA6-159960E45AC4}.Ad-Hoc|iPhone.ActiveCfg = Release|Any CPU
		{F94D4723-E468-4223-9AA6-159960E45AC4}.Ad-Hoc|iPhoneSimulator.ActiveCfg = Release|Any CPU
		{F94D4723-E468-4223-9AA6-159960E45AC4}.Ad-Hoc|Mixed Platforms.ActiveCfg = Release|Any CPU
		{F94D4723-E468-4223-9AA6-159960E45AC4}.Ad-Hoc|Mixed Platforms.Build.0 = Release|Any CPU
		{F94D4723-E468-4223-9AA6-159960E45AC4}.Ad-Hoc|Mixed Platforms.Deploy.0 = Release|Any CPU
		{F94D4723-E468-4223-9AA6-159960E45AC4}.Ad-Hoc|x64.ActiveCfg = Debug|Any CPU
		{F94D4723-E468-4223-9AA6-159960E45AC4}.Ad-Hoc|x86.ActiveCfg = Debug|Any CPU
		{F94D4723-E468-4223-9AA6-159960E45AC4}.AppStore|Any CPU.ActiveCfg = Release|Any CPU
		{F94D4723-E468-4223-9AA6-159960E45AC4}.AppStore|Any CPU.Build.0 = Release|Any CPU
		{F94D4723-E468-4223-9AA6-159960E45AC4}.AppStore|Any CPU.Deploy.0 = Release|Any CPU
		{F94D4723-E468-4223-9AA6-159960E45AC4}.AppStore|ARM.ActiveCfg = Debug|Any CPU
		{F94D4723-E468-4223-9AA6-159960E45AC4}.AppStore|iPhone.ActiveCfg = Release|Any CPU
		{F94D4723-E468-4223-9AA6-159960E45AC4}.AppStore|iPhoneSimulator.ActiveCfg = Release|Any CPU
		{F94D4723-E468-4223-9AA6-159960E45AC4}.AppStore|Mixed Platforms.ActiveCfg = Release|Any CPU
		{F94D4723-E468-4223-9AA6-159960E45AC4}.AppStore|Mixed Platforms.Build.0 = Release|Any CPU
		{F94D4723-E468-4223-9AA6-159960E45AC4}.AppStore|Mixed Platforms.Deploy.0 = Release|Any CPU
		{F94D4723-E468-4223-9AA6-159960E45AC4}.AppStore|x64.ActiveCfg = Debug|Any CPU
		{F94D4723-E468-4223-9AA6-159960E45AC4}.AppStore|x86.ActiveCfg = Debug|Any CPU
		{F94D4723-E468-4223-9AA6-159960E45AC4}.Debug|Any CPU.ActiveCfg = Debug|Any CPU
		{F94D4723-E468-4223-9AA6-159960E45AC4}.Debug|Any CPU.Build.0 = Debug|Any CPU
		{F94D4723-E468-4223-9AA6-159960E45AC4}.Debug|Any CPU.Deploy.0 = Debug|Any CPU
		{F94D4723-E468-4223-9AA6-159960E45AC4}.Debug|ARM.ActiveCfg = Debug|Any CPU
		{F94D4723-E468-4223-9AA6-159960E45AC4}.Debug|iPhone.ActiveCfg = Debug|Any CPU
		{F94D4723-E468-4223-9AA6-159960E45AC4}.Debug|iPhoneSimulator.ActiveCfg = Debug|Any CPU
		{F94D4723-E468-4223-9AA6-159960E45AC4}.Debug|Mixed Platforms.ActiveCfg = Debug|Any CPU
		{F94D4723-E468-4223-9AA6-159960E45AC4}.Debug|Mixed Platforms.Build.0 = Debug|Any CPU
		{F94D4723-E468-4223-9AA6-159960E45AC4}.Debug|Mixed Platforms.Deploy.0 = Debug|Any CPU
		{F94D4723-E468-4223-9AA6-159960E45AC4}.Debug|x64.ActiveCfg = Debug|Any CPU
		{F94D4723-E468-4223-9AA6-159960E45AC4}.Debug|x86.ActiveCfg = Debug|Any CPU
		{F94D4723-E468-4223-9AA6-159960E45AC4}.Release|Any CPU.ActiveCfg = Release|Any CPU
		{F94D4723-E468-4223-9AA6-159960E45AC4}.Release|Any CPU.Build.0 = Release|Any CPU
		{F94D4723-E468-4223-9AA6-159960E45AC4}.Release|Any CPU.Deploy.0 = Release|Any CPU
		{F94D4723-E468-4223-9AA6-159960E45AC4}.Release|ARM.ActiveCfg = Release|Any CPU
		{F94D4723-E468-4223-9AA6-159960E45AC4}.Release|iPhone.ActiveCfg = Release|Any CPU
		{F94D4723-E468-4223-9AA6-159960E45AC4}.Release|iPhoneSimulator.ActiveCfg = Release|Any CPU
		{F94D4723-E468-4223-9AA6-159960E45AC4}.Release|Mixed Platforms.ActiveCfg = Release|Any CPU
		{F94D4723-E468-4223-9AA6-159960E45AC4}.Release|Mixed Platforms.Build.0 = Release|Any CPU
		{F94D4723-E468-4223-9AA6-159960E45AC4}.Release|Mixed Platforms.Deploy.0 = Release|Any CPU
		{F94D4723-E468-4223-9AA6-159960E45AC4}.Release|x64.ActiveCfg = Release|Any CPU
		{F94D4723-E468-4223-9AA6-159960E45AC4}.Release|x86.ActiveCfg = Release|Any CPU
	EndGlobalSection
	GlobalSection(SolutionProperties) = preSolution
		HideSolutionNode = FALSE
	EndGlobalSection
EndGlobal
